
Microsoft Visual Studio Solution File, Format Version 12.00
# Visual Studio 2013
VisualStudioVersion = 12.0.21005.1
MinimumVisualStudioVersion = 10.0.40219.1
Project("{2150E333-8FDC-42A3-9474-1A3956D46DE8}") = "Presentation", "Presentation", "{0CAD2C13-41CD-421D-A694-08A91E5F1073}"
EndProject
Project("{2150E333-8FDC-42A3-9474-1A3956D46DE8}") = "Web", "Web", "{5B498720-BCB3-46EF-8054-E4CE767FFAD1}"
EndProject
Project("{2150E333-8FDC-42A3-9474-1A3956D46DE8}") = "WebService", "WebService", "{3FFE1ED9-9AA9-4292-8DD3-87E4C44F6CDF}"
EndProject
Project("{2150E333-8FDC-42A3-9474-1A3956D46DE8}") = "BusinessObject", "BusinessObject", "{0D68E8EB-C755-450D-94CD-FE18F02D3BD0}"
EndProject
Project("{2150E333-8FDC-42A3-9474-1A3956D46DE8}") = "ControlObject", "ControlObject", "{A5C83C3A-8AB6-4E08-8E47-F217A34BFED4}"
EndProject
Project("{2150E333-8FDC-42A3-9474-1A3956D46DE8}") = "Business", "Business", "{8323B318-FFAB-4ECA-A497-715F6D3E834A}"
EndProject
Project("{2150E333-8FDC-42A3-9474-1A3956D46DE8}") = "Data", "Data", "{4D911C70-281C-4CDC-A3E6-F314B149A0FC}"
EndProject
Project("{2150E333-8FDC-42A3-9474-1A3956D46DE8}") = "GPBInterceptor", "GPBInterceptor", "{9FAF7044-3DF1-4B8E-B558-4D44301F9408}"
EndProject
Project("{2150E333-8FDC-42A3-9474-1A3956D46DE8}") = "ResourceAccess", "ResourceAccess", "{53A00EF3-CB51-4E4D-8D88-D64C7E8BA26A}"
EndProject
Project("{2150E333-8FDC-42A3-9474-1A3956D46DE8}") = "Infrastructure", "Infrastructure", "{AAD373F1-33DE-402E-A5DB-D3EDCF2669CB}"
EndProject
Project("{2150E333-8FDC-42A3-9474-1A3956D46DE8}") = "Interfaces", "Interfaces", "{34A17962-DAF8-4134-B70D-1670CED7882E}"
EndProject
Project("{2150E333-8FDC-42A3-9474-1A3956D46DE8}") = "Service", "Service", "{8F6D4593-8D52-4E46-90B5-CA1C55091DF9}"
EndProject
Project("{2150E333-8FDC-42A3-9474-1A3956D46DE8}") = "Modules", "Modules", "{18706732-28EE-4DDB-AA69-0659C04CDE57}"
EndProject
Project("{FAE04EC0-301F-11D3-BF4B-00C04F79EFBC}") = "AMI.Web", "Presentation\Web\AMI.Web\AMI.Web.csproj", "{5A29B6EB-1A70-4465-BCB6-B9DB59B7A83E}"
EndProject
Project("{FAE04EC0-301F-11D3-BF4B-00C04F79EFBC}") = "BOB", "BusinessObject\BOB\BOB.csproj", "{3AABB617-AA2B-4FD3-A935-BB2F548B6EC7}"
EndProject
Project("{FAE04EC0-301F-11D3-BF4B-00C04F79EFBC}") = "BOB.Iface", "BusinessObject\BOB.Iface\BOB.Iface.csproj", "{C248DA4E-5FD1-4CFE-ADCF-71FF7D355E3F}"
EndProject
Project("{FAE04EC0-301F-11D3-BF4B-00C04F79EFBC}") = "BOB.WebServices", "BusinessObject\BOB.WebServices\BOB.WebServices.csproj", "{824FCF18-0170-4104-A278-E5D1F47AA26B}"
EndProject
Project("{FAE04EC0-301F-11D3-BF4B-00C04F79EFBC}") = "CCL.Web", "Control\CCL.Web\CCL.Web.csproj", "{CDC8FDD4-E544-44BC-8E1D-4BCD2373C2DA}"
EndProject
Project("{FAE04EC0-301F-11D3-BF4B-00C04F79EFBC}") = "CDL.Web", "Control\CDL.Web\CDL.Web.csproj", "{062228BD-D108-4DD6-8D2A-A4EB61E0693B}"
EndProject
Project("{FAE04EC0-301F-11D3-BF4B-00C04F79EFBC}") = "COL", "Control\COL\COL.csproj", "{BF36AEB6-09C2-4046-96EF-687C99BF9559}"
EndProject
Project("{FAE04EC0-301F-11D3-BF4B-00C04F79EFBC}") = "DRL", "Control\DRL\DRL.csproj", "{1AEB857C-8973-475C-8E8C-5C1B55E59C5C}"
EndProject
Project("{FAE04EC0-301F-11D3-BF4B-00C04F79EFBC}") = "AMI.Business", "Business\AMI.Business\AMI.Business.csproj", "{C219AA1C-104C-4B28-AF2F-361E36644264}"
	ProjectSection(ProjectDependencies) = postProject
		{A427ABC5-F310-4362-B9A3-7A9D1D2DCF12} = {A427ABC5-F310-4362-B9A3-7A9D1D2DCF12}
	EndProjectSection
EndProject
Project("{FAE04EC0-301F-11D3-BF4B-00C04F79EFBC}") = "AMI.Business.Iface", "Business\AMI.Business.Iface\AMI.Business.Iface.csproj", "{4540F36F-40C3-47C9-9DA7-D1658688DBF5}"
EndProject
Project("{FAE04EC0-301F-11D3-BF4B-00C04F79EFBC}") = "AMI.ReportService.Business", "Business\AMIReportService.Business\AMI.ReportService.Business.csproj", "{5DB1D79F-DA3D-45C1-999D-E6B434AE32AD}"
EndProject
Project("{FAE04EC0-301F-11D3-BF4B-00C04F79EFBC}") = "AMI.Data", "Data\AMI.Data\AMI.Data.csproj", "{80721CC0-74F6-40D7-838E-7547124BBDF1}"
EndProject
Project("{FAE04EC0-301F-11D3-BF4B-00C04F79EFBC}") = "AMI.Data.Iface", "Data\AMI.Data.IFace\AMI.Data.Iface.csproj", "{BE8E2AF9-ED19-49E4-B3CF-6C188410590D}"
EndProject
Project("{FAE04EC0-301F-11D3-BF4B-00C04F79EFBC}") = "AMI.ReportService.Data", "Data\AMI.ReportService.Data\AMI.ReportService.Data.csproj", "{D70A9ACF-08ED-4170-8F6F-FD24D489D112}"
EndProject
Project("{FAE04EC0-301F-11D3-BF4B-00C04F79EFBC}") = "gpB", "GPB\GPB\gpB.csproj", "{984C78B1-9546-494B-8935-990417BEA5F3}"
EndProject
Project("{FAE04EC0-301F-11D3-BF4B-00C04F79EFBC}") = "DAL", "ResourceAccess\DAL\DAL.csproj", "{3D64A8B0-64D6-468D-A987-536B1717DF36}"
EndProject
Project("{FAE04EC0-301F-11D3-BF4B-00C04F79EFBC}") = "AMI.Infrastructure.CommonLibrary", "Infrastructure\AMI.Infrastructure.CommonLibrary\AMI.Infrastructure.CommonLibrary.csproj", "{C3496FAE-A564-4AF4-975A-410BA13F3230}"
EndProject
Project("{FAE04EC0-301F-11D3-BF4B-00C04F79EFBC}") = "GPB.Scheduler", "GPB\GPB.Scheduler\GPB.Scheduler.csproj", "{FF6BB58B-2AF7-480C-9772-8E5B58C7B70D}"
EndProject
Project("{FAE04EC0-301F-11D3-BF4B-00C04F79EFBC}") = "GPB.WebMethodStarter", "GPB\GPB.WebMethodStarter\GPB.WebMethodStarter.csproj", "{504C4A8A-8D2B-4987-A6F7-A6446DCD3E49}"
EndProject
Project("{FAE04EC0-301F-11D3-BF4B-00C04F79EFBC}") = "InterfaceAMI002", "Interface\INTERFACEAMI002\InterfaceAMI002.csproj", "{3E7DC35C-4402-4D7C-852C-607855F015CA}"
EndProject
Project("{FAE04EC0-301F-11D3-BF4B-00C04F79EFBC}") = "AMI.WebService", "Service\WebService\AMI.WebService\AMI.WebService.csproj", "{DB91FAC2-3B05-4687-AF72-42BC4DF9CC11}"
EndProject
Project("{FAE04EC0-301F-11D3-BF4B-00C04F79EFBC}") = "AMILoadPlanService", "Service\WebService\AMILoadPlanService\AMILoadPlanService.csproj", "{A427ABC5-F310-4362-B9A3-7A9D1D2DCF12}"
EndProject
Project("{FAE04EC0-301F-11D3-BF4B-00C04F79EFBC}") = "AMI.ReportService", "Service\WebService\AMIReportService\AMI.ReportService.csproj", "{B53C3F86-1FF6-48C6-86FB-8B640251AF3E}"
EndProject
Project("{FAE04EC0-301F-11D3-BF4B-00C04F79EFBC}") = "MockServices", "Service\WebService\MockServices\MockServices.csproj", "{B5CCE166-3D60-46D5-ACE1-C8E40A0455EB}"
EndProject
Project("{FAE04EC0-301F-11D3-BF4B-00C04F79EFBC}") = "UAMSharp", "Service\WebService\UAMSharp\UAMSharp.csproj", "{74F8E141-258A-4E01-ACA5-722CAC0CE891}"
EndProject
Project("{FAE04EC0-301F-11D3-BF4B-00C04F79EFBC}") = "AMI.Infrastructure.BusinessEntities", "Infrastructure\AMI.Infrastructure.BusinessEntities\AMI.Infrastructure.BusinessEntities.csproj", "{F42214E3-8221-49A7-B726-EFB92546C779}"
EndProject
Project("{FAE04EC0-301F-11D3-BF4B-00C04F79EFBC}") = "AMI.Infrastructure.BusinessObjects", "Infrastructure\AMI.Infrastructure.BusinessObjects\AMI.Infrastructure.BusinessObjects.csproj", "{11D3F120-F151-424D-A4FC-705F2CEFCABF}"
EndProject
Project("{FAE04EC0-301F-11D3-BF4B-00C04F79EFBC}") = "AMI.Infrastructure.ViewModels", "Infrastructure\AMI.Infrastructure.ViewModels\AMI.Infrastructure.ViewModels.csproj", "{17980E2A-CD08-4F80-A31F-E256DE4A72A1}"
EndProject
Project("{FAE04EC0-301F-11D3-BF4B-00C04F79EFBC}") = "AMI.ResourceAccess.EntityFrameworkAdopter", "ResourceAccess\AMI.ResourceAccess.EntityFrameworkAdopter\AMI.ResourceAccess.EntityFrameworkAdopter.csproj", "{27987054-C9E6-4C93-B810-630A8909B59E}"
EndProject
Project("{FAE04EC0-301F-11D3-BF4B-00C04F79EFBC}") = "AMI.Presentation.Modules.AMIWebModules", "Presentation\Modules\AMI.Presentation.Modules.AMIWebModules\AMI.Presentation.Modules.AMIWebModules.csproj", "{5E4F4B8E-BBC9-4E27-B30D-7F1574EB0598}"
EndProject
Project("{FAE04EC0-301F-11D3-BF4B-00C04F79EFBC}") = "InterfaceAMI009", "Interface\INTERFACEAMI009\InterfaceAMI009.csproj", "{8C955AD1-71DA-4E7F-A252-F5922F48FB16}"
EndProject
Project("{FAE04EC0-301F-11D3-BF4B-00C04F79EFBC}") = "InterfaceAMI013", "Interface\INTERFACEAMI013\InterfaceAMI013.csproj", "{0FA33776-DB6B-4AD8-9AC3-746D66D7580D}"
EndProject
Project("{FAE04EC0-301F-11D3-BF4B-00C04F79EFBC}") = "InterfaceAMI014", "Interface\INTERFACEAMI014\InterfaceAMI014.csproj", "{34981361-A46D-40AD-9B66-93AB7BA50D83}"
EndProject
Project("{FAE04EC0-301F-11D3-BF4B-00C04F79EFBC}") = "InterfaceAMIGSPReference", "Interface\InterfaceAMIGSPReference\InterfaceAMIGSPReference.csproj", "{5866FE02-B67F-4E33-9E9C-766C4376D1B9}"
EndProject
Project("{FAE04EC0-301F-11D3-BF4B-00C04F79EFBC}") = "InterfaceAMI004", "Interface\INTERFACEAMI004\InterfaceAMI004.csproj", "{30170AE8-A30C-4415-A7A2-C14FA57F5D4A}"
EndProject
Project("{FAE04EC0-301F-11D3-BF4B-00C04F79EFBC}") = "InterfaceAMIDirectDelivery", "Interface\INTERFACEAMIDIRECTDELIVERY\InterfaceAMIDirectDelivery.csproj", "{354A5E25-EFAF-421E-9D68-C4729B926549}"
EndProject
Project("{FAE04EC0-301F-11D3-BF4B-00C04F79EFBC}") = "InterfaceAMI_CIR_UMBRO", "Interface\InterfaceAMI_CIR_UMBRO\InterfaceAMI_CIR_UMBRO.csproj", "{69E9D982-74D9-4733-9A27-10389FDB65BB}"
EndProject
Project("{FAE04EC0-301F-11D3-BF4B-00C04F79EFBC}") = "InterfaceBookReceipt", "Interface\InterfaceBookReceipt\InterfaceBookReceipt.csproj", "{8FF0CC8A-A719-4E03-B530-D1FEC420284D}"
EndProject
Project("{FAE04EC0-301F-11D3-BF4B-00C04F79EFBC}") = "InterfaceBookReceiptService", "Interface\InterfaceBookReceiptService\InterfaceBookReceiptService.csproj", "{9CDEDA5C-08FE-433D-AD50-C96EB568C09D}"
EndProject
Project("{FAE04EC0-301F-11D3-BF4B-00C04F79EFBC}") = "InterfaceAMI011", "Interface\INTERFACEAMI011\InterfaceAMI011.csproj", "{5D47FE6E-F336-444C-A911-EAAFE47BF6A3}"
	ProjectSection(ProjectDependencies) = postProject
		{1AEB857C-8973-475C-8E8C-5C1B55E59C5C} = {1AEB857C-8973-475C-8E8C-5C1B55E59C5C}
		{3D64A8B0-64D6-468D-A987-536B1717DF36} = {3D64A8B0-64D6-468D-A987-536B1717DF36}
	EndProjectSection
EndProject
Project("{FAE04EC0-301F-11D3-BF4B-00C04F79EFBC}") = "InterfaceAMITransitTime", "Interface\InterfaceAMITransitTime\InterfaceAMITransitTime.csproj", "{A4A22AC9-401C-4E47-B69E-2D1994282915}"
EndProject
Global
	GlobalSection(SolutionConfigurationPlatforms) = preSolution
		Bronze|Any CPU = Bronze|Any CPU
		Debug|Any CPU = Debug|Any CPU
		DebugAll|Any CPU = DebugAll|Any CPU
		Gold|Any CPU = Gold|Any CPU
		Release|Any CPU = Release|Any CPU
		Silver|Any CPU = Silver|Any CPU
		TransformWebConfig|Any CPU = TransformWebConfig|Any CPU
	EndGlobalSection
	GlobalSection(ProjectConfigurationPlatforms) = postSolution
		{5A29B6EB-1A70-4465-BCB6-B9DB59B7A83E}.Bronze|Any CPU.ActiveCfg = Bronze|Any CPU
		{5A29B6EB-1A70-4465-BCB6-B9DB59B7A83E}.Bronze|Any CPU.Build.0 = Bronze|Any CPU
		{5A29B6EB-1A70-4465-BCB6-B9DB59B7A83E}.Debug|Any CPU.ActiveCfg = Debug|Any CPU
		{5A29B6EB-1A70-4465-BCB6-B9DB59B7A83E}.Debug|Any CPU.Build.0 = Debug|Any CPU
		{5A29B6EB-1A70-4465-BCB6-B9DB59B7A83E}.DebugAll|Any CPU.ActiveCfg = Debug|Any CPU
		{5A29B6EB-1A70-4465-BCB6-B9DB59B7A83E}.DebugAll|Any CPU.Build.0 = Debug|Any CPU
		{5A29B6EB-1A70-4465-BCB6-B9DB59B7A83E}.Gold|Any CPU.ActiveCfg = Gold|Any CPU
		{5A29B6EB-1A70-4465-BCB6-B9DB59B7A83E}.Gold|Any CPU.Build.0 = Gold|Any CPU
		{5A29B6EB-1A70-4465-BCB6-B9DB59B7A83E}.Release|Any CPU.ActiveCfg = Release|Any CPU
		{5A29B6EB-1A70-4465-BCB6-B9DB59B7A83E}.Release|Any CPU.Build.0 = Release|Any CPU
		{5A29B6EB-1A70-4465-BCB6-B9DB59B7A83E}.Silver|Any CPU.ActiveCfg = Silver|Any CPU
		{5A29B6EB-1A70-4465-BCB6-B9DB59B7A83E}.Silver|Any CPU.Build.0 = Silver|Any CPU
		{5A29B6EB-1A70-4465-BCB6-B9DB59B7A83E}.TransformWebConfig|Any CPU.ActiveCfg = TransformWebConfig|Any CPU
		{5A29B6EB-1A70-4465-BCB6-B9DB59B7A83E}.TransformWebConfig|Any CPU.Build.0 = TransformWebConfig|Any CPU
		{3AABB617-AA2B-4FD3-A935-BB2F548B6EC7}.Bronze|Any CPU.ActiveCfg = DebugAll|Any CPU
		{3AABB617-AA2B-4FD3-A935-BB2F548B6EC7}.Bronze|Any CPU.Build.0 = DebugAll|Any CPU
		{3AABB617-AA2B-4FD3-A935-BB2F548B6EC7}.Debug|Any CPU.ActiveCfg = Debug|Any CPU
		{3AABB617-AA2B-4FD3-A935-BB2F548B6EC7}.Debug|Any CPU.Build.0 = Debug|Any CPU
		{3AABB617-AA2B-4FD3-A935-BB2F548B6EC7}.DebugAll|Any CPU.ActiveCfg = DebugAll|Any CPU
		{3AABB617-AA2B-4FD3-A935-BB2F548B6EC7}.DebugAll|Any CPU.Build.0 = DebugAll|Any CPU
		{3AABB617-AA2B-4FD3-A935-BB2F548B6EC7}.Gold|Any CPU.ActiveCfg = DebugAll|Any CPU
		{3AABB617-AA2B-4FD3-A935-BB2F548B6EC7}.Gold|Any CPU.Build.0 = DebugAll|Any CPU
		{3AABB617-AA2B-4FD3-A935-BB2F548B6EC7}.Release|Any CPU.ActiveCfg = Release|Any CPU
		{3AABB617-AA2B-4FD3-A935-BB2F548B6EC7}.Release|Any CPU.Build.0 = Release|Any CPU
		{3AABB617-AA2B-4FD3-A935-BB2F548B6EC7}.Silver|Any CPU.ActiveCfg = DebugAll|Any CPU
		{3AABB617-AA2B-4FD3-A935-BB2F548B6EC7}.Silver|Any CPU.Build.0 = DebugAll|Any CPU
		{3AABB617-AA2B-4FD3-A935-BB2F548B6EC7}.TransformWebConfig|Any CPU.ActiveCfg = DebugAll|Any CPU
		{3AABB617-AA2B-4FD3-A935-BB2F548B6EC7}.TransformWebConfig|Any CPU.Build.0 = DebugAll|Any CPU
		{C248DA4E-5FD1-4CFE-ADCF-71FF7D355E3F}.Bronze|Any CPU.ActiveCfg = DebugAll|Any CPU
		{C248DA4E-5FD1-4CFE-ADCF-71FF7D355E3F}.Bronze|Any CPU.Build.0 = DebugAll|Any CPU
		{C248DA4E-5FD1-4CFE-ADCF-71FF7D355E3F}.Debug|Any CPU.ActiveCfg = Debug|Any CPU
		{C248DA4E-5FD1-4CFE-ADCF-71FF7D355E3F}.Debug|Any CPU.Build.0 = Debug|Any CPU
		{C248DA4E-5FD1-4CFE-ADCF-71FF7D355E3F}.DebugAll|Any CPU.ActiveCfg = DebugAll|Any CPU
		{C248DA4E-5FD1-4CFE-ADCF-71FF7D355E3F}.DebugAll|Any CPU.Build.0 = DebugAll|Any CPU
		{C248DA4E-5FD1-4CFE-ADCF-71FF7D355E3F}.Gold|Any CPU.ActiveCfg = DebugAll|Any CPU
		{C248DA4E-5FD1-4CFE-ADCF-71FF7D355E3F}.Gold|Any CPU.Build.0 = DebugAll|Any CPU
		{C248DA4E-5FD1-4CFE-ADCF-71FF7D355E3F}.Release|Any CPU.ActiveCfg = Release|Any CPU
		{C248DA4E-5FD1-4CFE-ADCF-71FF7D355E3F}.Release|Any CPU.Build.0 = Release|Any CPU
		{C248DA4E-5FD1-4CFE-ADCF-71FF7D355E3F}.Silver|Any CPU.ActiveCfg = DebugAll|Any CPU
		{C248DA4E-5FD1-4CFE-ADCF-71FF7D355E3F}.Silver|Any CPU.Build.0 = DebugAll|Any CPU
		{C248DA4E-5FD1-4CFE-ADCF-71FF7D355E3F}.TransformWebConfig|Any CPU.ActiveCfg = DebugAll|Any CPU
		{C248DA4E-5FD1-4CFE-ADCF-71FF7D355E3F}.TransformWebConfig|Any CPU.Build.0 = DebugAll|Any CPU
		{824FCF18-0170-4104-A278-E5D1F47AA26B}.Bronze|Any CPU.ActiveCfg = Release|Any CPU
		{824FCF18-0170-4104-A278-E5D1F47AA26B}.Bronze|Any CPU.Build.0 = Release|Any CPU
		{824FCF18-0170-4104-A278-E5D1F47AA26B}.Debug|Any CPU.ActiveCfg = Debug|Any CPU
		{824FCF18-0170-4104-A278-E5D1F47AA26B}.Debug|Any CPU.Build.0 = Debug|Any CPU
		{824FCF18-0170-4104-A278-E5D1F47AA26B}.DebugAll|Any CPU.ActiveCfg = Debug|Any CPU
		{824FCF18-0170-4104-A278-E5D1F47AA26B}.DebugAll|Any CPU.Build.0 = Debug|Any CPU
		{824FCF18-0170-4104-A278-E5D1F47AA26B}.Gold|Any CPU.ActiveCfg = Release|Any CPU
		{824FCF18-0170-4104-A278-E5D1F47AA26B}.Gold|Any CPU.Build.0 = Release|Any CPU
		{824FCF18-0170-4104-A278-E5D1F47AA26B}.Release|Any CPU.ActiveCfg = Release|Any CPU
		{824FCF18-0170-4104-A278-E5D1F47AA26B}.Release|Any CPU.Build.0 = Release|Any CPU
		{824FCF18-0170-4104-A278-E5D1F47AA26B}.Silver|Any CPU.ActiveCfg = Release|Any CPU
		{824FCF18-0170-4104-A278-E5D1F47AA26B}.Silver|Any CPU.Build.0 = Release|Any CPU
		{824FCF18-0170-4104-A278-E5D1F47AA26B}.TransformWebConfig|Any CPU.ActiveCfg = Release|Any CPU
		{824FCF18-0170-4104-A278-E5D1F47AA26B}.TransformWebConfig|Any CPU.Build.0 = Release|Any CPU
		{CDC8FDD4-E544-44BC-8E1D-4BCD2373C2DA}.Bronze|Any CPU.ActiveCfg = Release|Any CPU
		{CDC8FDD4-E544-44BC-8E1D-4BCD2373C2DA}.Bronze|Any CPU.Build.0 = Release|Any CPU
		{CDC8FDD4-E544-44BC-8E1D-4BCD2373C2DA}.Debug|Any CPU.ActiveCfg = Debug|Any CPU
		{CDC8FDD4-E544-44BC-8E1D-4BCD2373C2DA}.Debug|Any CPU.Build.0 = Debug|Any CPU
		{CDC8FDD4-E544-44BC-8E1D-4BCD2373C2DA}.DebugAll|Any CPU.ActiveCfg = Debug|Any CPU
		{CDC8FDD4-E544-44BC-8E1D-4BCD2373C2DA}.DebugAll|Any CPU.Build.0 = Debug|Any CPU
		{CDC8FDD4-E544-44BC-8E1D-4BCD2373C2DA}.Gold|Any CPU.ActiveCfg = Release|Any CPU
		{CDC8FDD4-E544-44BC-8E1D-4BCD2373C2DA}.Gold|Any CPU.Build.0 = Release|Any CPU
		{CDC8FDD4-E544-44BC-8E1D-4BCD2373C2DA}.Release|Any CPU.ActiveCfg = Release|Any CPU
		{CDC8FDD4-E544-44BC-8E1D-4BCD2373C2DA}.Release|Any CPU.Build.0 = Release|Any CPU
		{CDC8FDD4-E544-44BC-8E1D-4BCD2373C2DA}.Silver|Any CPU.ActiveCfg = Release|Any CPU
		{CDC8FDD4-E544-44BC-8E1D-4BCD2373C2DA}.Silver|Any CPU.Build.0 = Release|Any CPU
		{CDC8FDD4-E544-44BC-8E1D-4BCD2373C2DA}.TransformWebConfig|Any CPU.ActiveCfg = Release|Any CPU
		{CDC8FDD4-E544-44BC-8E1D-4BCD2373C2DA}.TransformWebConfig|Any CPU.Build.0 = Release|Any CPU
		{062228BD-D108-4DD6-8D2A-A4EB61E0693B}.Bronze|Any CPU.ActiveCfg = Release|Any CPU
		{062228BD-D108-4DD6-8D2A-A4EB61E0693B}.Bronze|Any CPU.Build.0 = Release|Any CPU
		{062228BD-D108-4DD6-8D2A-A4EB61E0693B}.Debug|Any CPU.ActiveCfg = Debug|Any CPU
		{062228BD-D108-4DD6-8D2A-A4EB61E0693B}.Debug|Any CPU.Build.0 = Debug|Any CPU
		{062228BD-D108-4DD6-8D2A-A4EB61E0693B}.DebugAll|Any CPU.ActiveCfg = Debug|Any CPU
		{062228BD-D108-4DD6-8D2A-A4EB61E0693B}.DebugAll|Any CPU.Build.0 = Debug|Any CPU
		{062228BD-D108-4DD6-8D2A-A4EB61E0693B}.Gold|Any CPU.ActiveCfg = Release|Any CPU
		{062228BD-D108-4DD6-8D2A-A4EB61E0693B}.Gold|Any CPU.Build.0 = Release|Any CPU
		{062228BD-D108-4DD6-8D2A-A4EB61E0693B}.Release|Any CPU.ActiveCfg = Release|Any CPU
		{062228BD-D108-4DD6-8D2A-A4EB61E0693B}.Release|Any CPU.Build.0 = Release|Any CPU
		{062228BD-D108-4DD6-8D2A-A4EB61E0693B}.Silver|Any CPU.ActiveCfg = Release|Any CPU
		{062228BD-D108-4DD6-8D2A-A4EB61E0693B}.Silver|Any CPU.Build.0 = Release|Any CPU
		{062228BD-D108-4DD6-8D2A-A4EB61E0693B}.TransformWebConfig|Any CPU.ActiveCfg = Release|Any CPU
		{062228BD-D108-4DD6-8D2A-A4EB61E0693B}.TransformWebConfig|Any CPU.Build.0 = Release|Any CPU
		{BF36AEB6-09C2-4046-96EF-687C99BF9559}.Bronze|Any CPU.ActiveCfg = DebugAll|Any CPU
		{BF36AEB6-09C2-4046-96EF-687C99BF9559}.Bronze|Any CPU.Build.0 = DebugAll|Any CPU
		{BF36AEB6-09C2-4046-96EF-687C99BF9559}.Debug|Any CPU.ActiveCfg = Debug|Any CPU
		{BF36AEB6-09C2-4046-96EF-687C99BF9559}.Debug|Any CPU.Build.0 = Debug|Any CPU
		{BF36AEB6-09C2-4046-96EF-687C99BF9559}.DebugAll|Any CPU.ActiveCfg = DebugAll|Any CPU
		{BF36AEB6-09C2-4046-96EF-687C99BF9559}.DebugAll|Any CPU.Build.0 = DebugAll|Any CPU
		{BF36AEB6-09C2-4046-96EF-687C99BF9559}.Gold|Any CPU.ActiveCfg = DebugAll|Any CPU
		{BF36AEB6-09C2-4046-96EF-687C99BF9559}.Gold|Any CPU.Build.0 = DebugAll|Any CPU
		{BF36AEB6-09C2-4046-96EF-687C99BF9559}.Release|Any CPU.ActiveCfg = Release|Any CPU
		{BF36AEB6-09C2-4046-96EF-687C99BF9559}.Release|Any CPU.Build.0 = Release|Any CPU
		{BF36AEB6-09C2-4046-96EF-687C99BF9559}.Silver|Any CPU.ActiveCfg = DebugAll|Any CPU
		{BF36AEB6-09C2-4046-96EF-687C99BF9559}.Silver|Any CPU.Build.0 = DebugAll|Any CPU
		{BF36AEB6-09C2-4046-96EF-687C99BF9559}.TransformWebConfig|Any CPU.ActiveCfg = DebugAll|Any CPU
		{BF36AEB6-09C2-4046-96EF-687C99BF9559}.TransformWebConfig|Any CPU.Build.0 = DebugAll|Any CPU
		{1AEB857C-8973-475C-8E8C-5C1B55E59C5C}.Bronze|Any CPU.ActiveCfg = Release|Any CPU
		{1AEB857C-8973-475C-8E8C-5C1B55E59C5C}.Bronze|Any CPU.Build.0 = Release|Any CPU
		{1AEB857C-8973-475C-8E8C-5C1B55E59C5C}.Debug|Any CPU.ActiveCfg = Debug|Any CPU
		{1AEB857C-8973-475C-8E8C-5C1B55E59C5C}.Debug|Any CPU.Build.0 = Debug|Any CPU
		{1AEB857C-8973-475C-8E8C-5C1B55E59C5C}.DebugAll|Any CPU.ActiveCfg = Debug|Any CPU
		{1AEB857C-8973-475C-8E8C-5C1B55E59C5C}.DebugAll|Any CPU.Build.0 = Debug|Any CPU
		{1AEB857C-8973-475C-8E8C-5C1B55E59C5C}.Gold|Any CPU.ActiveCfg = Release|Any CPU
		{1AEB857C-8973-475C-8E8C-5C1B55E59C5C}.Gold|Any CPU.Build.0 = Release|Any CPU
		{1AEB857C-8973-475C-8E8C-5C1B55E59C5C}.Release|Any CPU.ActiveCfg = Release|Any CPU
		{1AEB857C-8973-475C-8E8C-5C1B55E59C5C}.Release|Any CPU.Build.0 = Release|Any CPU
		{1AEB857C-8973-475C-8E8C-5C1B55E59C5C}.Silver|Any CPU.ActiveCfg = Release|Any CPU
		{1AEB857C-8973-475C-8E8C-5C1B55E59C5C}.Silver|Any CPU.Build.0 = Release|Any CPU
		{1AEB857C-8973-475C-8E8C-5C1B55E59C5C}.TransformWebConfig|Any CPU.ActiveCfg = Release|Any CPU
		{1AEB857C-8973-475C-8E8C-5C1B55E59C5C}.TransformWebConfig|Any CPU.Build.0 = Release|Any CPU
		{C219AA1C-104C-4B28-AF2F-361E36644264}.Bronze|Any CPU.ActiveCfg = TransformWebConfig|Any CPU
		{C219AA1C-104C-4B28-AF2F-361E36644264}.Bronze|Any CPU.Build.0 = TransformWebConfig|Any CPU
		{C219AA1C-104C-4B28-AF2F-361E36644264}.Debug|Any CPU.ActiveCfg = Debug|Any CPU
		{C219AA1C-104C-4B28-AF2F-361E36644264}.Debug|Any CPU.Build.0 = Debug|Any CPU
		{C219AA1C-104C-4B28-AF2F-361E36644264}.DebugAll|Any CPU.ActiveCfg = Debug|Any CPU
		{C219AA1C-104C-4B28-AF2F-361E36644264}.DebugAll|Any CPU.Build.0 = Debug|Any CPU
		{C219AA1C-104C-4B28-AF2F-361E36644264}.Gold|Any CPU.ActiveCfg = TransformWebConfig|Any CPU
		{C219AA1C-104C-4B28-AF2F-361E36644264}.Gold|Any CPU.Build.0 = TransformWebConfig|Any CPU
		{C219AA1C-104C-4B28-AF2F-361E36644264}.Release|Any CPU.ActiveCfg = Release|Any CPU
		{C219AA1C-104C-4B28-AF2F-361E36644264}.Release|Any CPU.Build.0 = Release|Any CPU
		{C219AA1C-104C-4B28-AF2F-361E36644264}.Silver|Any CPU.ActiveCfg = TransformWebConfig|Any CPU
		{C219AA1C-104C-4B28-AF2F-361E36644264}.Silver|Any CPU.Build.0 = TransformWebConfig|Any CPU
		{C219AA1C-104C-4B28-AF2F-361E36644264}.TransformWebConfig|Any CPU.ActiveCfg = TransformWebConfig|Any CPU
		{C219AA1C-104C-4B28-AF2F-361E36644264}.TransformWebConfig|Any CPU.Build.0 = TransformWebConfig|Any CPU
		{4540F36F-40C3-47C9-9DA7-D1658688DBF5}.Bronze|Any CPU.ActiveCfg = TransformWebConfig|Any CPU
		{4540F36F-40C3-47C9-9DA7-D1658688DBF5}.Bronze|Any CPU.Build.0 = TransformWebConfig|Any CPU
		{4540F36F-40C3-47C9-9DA7-D1658688DBF5}.Debug|Any CPU.ActiveCfg = Debug|Any CPU
		{4540F36F-40C3-47C9-9DA7-D1658688DBF5}.Debug|Any CPU.Build.0 = Debug|Any CPU
		{4540F36F-40C3-47C9-9DA7-D1658688DBF5}.DebugAll|Any CPU.ActiveCfg = Debug|Any CPU
		{4540F36F-40C3-47C9-9DA7-D1658688DBF5}.DebugAll|Any CPU.Build.0 = Debug|Any CPU
		{4540F36F-40C3-47C9-9DA7-D1658688DBF5}.Gold|Any CPU.ActiveCfg = TransformWebConfig|Any CPU
		{4540F36F-40C3-47C9-9DA7-D1658688DBF5}.Gold|Any CPU.Build.0 = TransformWebConfig|Any CPU
		{4540F36F-40C3-47C9-9DA7-D1658688DBF5}.Release|Any CPU.ActiveCfg = Release|Any CPU
		{4540F36F-40C3-47C9-9DA7-D1658688DBF5}.Release|Any CPU.Build.0 = Release|Any CPU
		{4540F36F-40C3-47C9-9DA7-D1658688DBF5}.Silver|Any CPU.ActiveCfg = TransformWebConfig|Any CPU
		{4540F36F-40C3-47C9-9DA7-D1658688DBF5}.Silver|Any CPU.Build.0 = TransformWebConfig|Any CPU
		{4540F36F-40C3-47C9-9DA7-D1658688DBF5}.TransformWebConfig|Any CPU.ActiveCfg = TransformWebConfig|Any CPU
		{4540F36F-40C3-47C9-9DA7-D1658688DBF5}.TransformWebConfig|Any CPU.Build.0 = TransformWebConfig|Any CPU
		{5DB1D79F-DA3D-45C1-999D-E6B434AE32AD}.Bronze|Any CPU.ActiveCfg = TransformWebConfig|Any CPU
		{5DB1D79F-DA3D-45C1-999D-E6B434AE32AD}.Bronze|Any CPU.Build.0 = TransformWebConfig|Any CPU
		{5DB1D79F-DA3D-45C1-999D-E6B434AE32AD}.Debug|Any CPU.ActiveCfg = Debug|Any CPU
		{5DB1D79F-DA3D-45C1-999D-E6B434AE32AD}.Debug|Any CPU.Build.0 = Debug|Any CPU
		{5DB1D79F-DA3D-45C1-999D-E6B434AE32AD}.DebugAll|Any CPU.ActiveCfg = Debug|Any CPU
		{5DB1D79F-DA3D-45C1-999D-E6B434AE32AD}.DebugAll|Any CPU.Build.0 = Debug|Any CPU
		{5DB1D79F-DA3D-45C1-999D-E6B434AE32AD}.Gold|Any CPU.ActiveCfg = TransformWebConfig|Any CPU
		{5DB1D79F-DA3D-45C1-999D-E6B434AE32AD}.Gold|Any CPU.Build.0 = TransformWebConfig|Any CPU
		{5DB1D79F-DA3D-45C1-999D-E6B434AE32AD}.Release|Any CPU.ActiveCfg = Release|Any CPU
		{5DB1D79F-DA3D-45C1-999D-E6B434AE32AD}.Release|Any CPU.Build.0 = Release|Any CPU
		{5DB1D79F-DA3D-45C1-999D-E6B434AE32AD}.Silver|Any CPU.ActiveCfg = TransformWebConfig|Any CPU
		{5DB1D79F-DA3D-45C1-999D-E6B434AE32AD}.Silver|Any CPU.Build.0 = TransformWebConfig|Any CPU
		{5DB1D79F-DA3D-45C1-999D-E6B434AE32AD}.TransformWebConfig|Any CPU.ActiveCfg = TransformWebConfig|Any CPU
		{5DB1D79F-DA3D-45C1-999D-E6B434AE32AD}.TransformWebConfig|Any CPU.Build.0 = TransformWebConfig|Any CPU
		{80721CC0-74F6-40D7-838E-7547124BBDF1}.Bronze|Any CPU.ActiveCfg = TransformWebConfig|Any CPU
		{80721CC0-74F6-40D7-838E-7547124BBDF1}.Bronze|Any CPU.Build.0 = TransformWebConfig|Any CPU
		{80721CC0-74F6-40D7-838E-7547124BBDF1}.Debug|Any CPU.ActiveCfg = Debug|Any CPU
		{80721CC0-74F6-40D7-838E-7547124BBDF1}.Debug|Any CPU.Build.0 = Debug|Any CPU
		{80721CC0-74F6-40D7-838E-7547124BBDF1}.DebugAll|Any CPU.ActiveCfg = Debug|Any CPU
		{80721CC0-74F6-40D7-838E-7547124BBDF1}.DebugAll|Any CPU.Build.0 = Debug|Any CPU
		{80721CC0-74F6-40D7-838E-7547124BBDF1}.Gold|Any CPU.ActiveCfg = TransformWebConfig|Any CPU
		{80721CC0-74F6-40D7-838E-7547124BBDF1}.Gold|Any CPU.Build.0 = TransformWebConfig|Any CPU
		{80721CC0-74F6-40D7-838E-7547124BBDF1}.Release|Any CPU.ActiveCfg = Release|Any CPU
		{80721CC0-74F6-40D7-838E-7547124BBDF1}.Release|Any CPU.Build.0 = Release|Any CPU
		{80721CC0-74F6-40D7-838E-7547124BBDF1}.Silver|Any CPU.ActiveCfg = TransformWebConfig|Any CPU
		{80721CC0-74F6-40D7-838E-7547124BBDF1}.Silver|Any CPU.Build.0 = TransformWebConfig|Any CPU
		{80721CC0-74F6-40D7-838E-7547124BBDF1}.TransformWebConfig|Any CPU.ActiveCfg = TransformWebConfig|Any CPU
		{80721CC0-74F6-40D7-838E-7547124BBDF1}.TransformWebConfig|Any CPU.Build.0 = TransformWebConfig|Any CPU
		{BE8E2AF9-ED19-49E4-B3CF-6C188410590D}.Bronze|Any CPU.ActiveCfg = TransformWebConfig|Any CPU
		{BE8E2AF9-ED19-49E4-B3CF-6C188410590D}.Bronze|Any CPU.Build.0 = TransformWebConfig|Any CPU
		{BE8E2AF9-ED19-49E4-B3CF-6C188410590D}.Debug|Any CPU.ActiveCfg = Debug|Any CPU
		{BE8E2AF9-ED19-49E4-B3CF-6C188410590D}.Debug|Any CPU.Build.0 = Debug|Any CPU
		{BE8E2AF9-ED19-49E4-B3CF-6C188410590D}.DebugAll|Any CPU.ActiveCfg = Debug|Any CPU
		{BE8E2AF9-ED19-49E4-B3CF-6C188410590D}.DebugAll|Any CPU.Build.0 = Debug|Any CPU
		{BE8E2AF9-ED19-49E4-B3CF-6C188410590D}.Gold|Any CPU.ActiveCfg = TransformWebConfig|Any CPU
		{BE8E2AF9-ED19-49E4-B3CF-6C188410590D}.Gold|Any CPU.Build.0 = TransformWebConfig|Any CPU
		{BE8E2AF9-ED19-49E4-B3CF-6C188410590D}.Release|Any CPU.ActiveCfg = Release|Any CPU
		{BE8E2AF9-ED19-49E4-B3CF-6C188410590D}.Release|Any CPU.Build.0 = Release|Any CPU
		{BE8E2AF9-ED19-49E4-B3CF-6C188410590D}.Silver|Any CPU.ActiveCfg = TransformWebConfig|Any CPU
		{BE8E2AF9-ED19-49E4-B3CF-6C188410590D}.Silver|Any CPU.Build.0 = TransformWebConfig|Any CPU
		{BE8E2AF9-ED19-49E4-B3CF-6C188410590D}.TransformWebConfig|Any CPU.ActiveCfg = TransformWebConfig|Any CPU
		{BE8E2AF9-ED19-49E4-B3CF-6C188410590D}.TransformWebConfig|Any CPU.Build.0 = TransformWebConfig|Any CPU
		{D70A9ACF-08ED-4170-8F6F-FD24D489D112}.Bronze|Any CPU.ActiveCfg = TransformWebConfig|Any CPU
		{D70A9ACF-08ED-4170-8F6F-FD24D489D112}.Bronze|Any CPU.Build.0 = TransformWebConfig|Any CPU
		{D70A9ACF-08ED-4170-8F6F-FD24D489D112}.Debug|Any CPU.ActiveCfg = Debug|Any CPU
		{D70A9ACF-08ED-4170-8F6F-FD24D489D112}.Debug|Any CPU.Build.0 = Debug|Any CPU
		{D70A9ACF-08ED-4170-8F6F-FD24D489D112}.DebugAll|Any CPU.ActiveCfg = Debug|Any CPU
		{D70A9ACF-08ED-4170-8F6F-FD24D489D112}.DebugAll|Any CPU.Build.0 = Debug|Any CPU
		{D70A9ACF-08ED-4170-8F6F-FD24D489D112}.Gold|Any CPU.ActiveCfg = TransformWebConfig|Any CPU
		{D70A9ACF-08ED-4170-8F6F-FD24D489D112}.Gold|Any CPU.Build.0 = TransformWebConfig|Any CPU
		{D70A9ACF-08ED-4170-8F6F-FD24D489D112}.Release|Any CPU.ActiveCfg = Release|Any CPU
		{D70A9ACF-08ED-4170-8F6F-FD24D489D112}.Release|Any CPU.Build.0 = Release|Any CPU
		{D70A9ACF-08ED-4170-8F6F-FD24D489D112}.Silver|Any CPU.ActiveCfg = TransformWebConfig|Any CPU
		{D70A9ACF-08ED-4170-8F6F-FD24D489D112}.Silver|Any CPU.Build.0 = TransformWebConfig|Any CPU
		{D70A9ACF-08ED-4170-8F6F-FD24D489D112}.TransformWebConfig|Any CPU.ActiveCfg = TransformWebConfig|Any CPU
		{D70A9ACF-08ED-4170-8F6F-FD24D489D112}.TransformWebConfig|Any CPU.Build.0 = TransformWebConfig|Any CPU
		{984C78B1-9546-494B-8935-990417BEA5F3}.Bronze|Any CPU.ActiveCfg = Release|Any CPU
		{984C78B1-9546-494B-8935-990417BEA5F3}.Bronze|Any CPU.Build.0 = Release|Any CPU
		{984C78B1-9546-494B-8935-990417BEA5F3}.Debug|Any CPU.ActiveCfg = Debug|Any CPU
		{984C78B1-9546-494B-8935-990417BEA5F3}.Debug|Any CPU.Build.0 = Debug|Any CPU
		{984C78B1-9546-494B-8935-990417BEA5F3}.DebugAll|Any CPU.ActiveCfg = Debug|Any CPU
		{984C78B1-9546-494B-8935-990417BEA5F3}.DebugAll|Any CPU.Build.0 = Debug|Any CPU
		{984C78B1-9546-494B-8935-990417BEA5F3}.Gold|Any CPU.ActiveCfg = Release|Any CPU
		{984C78B1-9546-494B-8935-990417BEA5F3}.Gold|Any CPU.Build.0 = Release|Any CPU
		{984C78B1-9546-494B-8935-990417BEA5F3}.Release|Any CPU.ActiveCfg = Release|Any CPU
		{984C78B1-9546-494B-8935-990417BEA5F3}.Release|Any CPU.Build.0 = Release|Any CPU
		{984C78B1-9546-494B-8935-990417BEA5F3}.Silver|Any CPU.ActiveCfg = Release|Any CPU
		{984C78B1-9546-494B-8935-990417BEA5F3}.Silver|Any CPU.Build.0 = Release|Any CPU
		{984C78B1-9546-494B-8935-990417BEA5F3}.TransformWebConfig|Any CPU.ActiveCfg = Release|Any CPU
		{984C78B1-9546-494B-8935-990417BEA5F3}.TransformWebConfig|Any CPU.Build.0 = Release|Any CPU
		{3D64A8B0-64D6-468D-A987-536B1717DF36}.Bronze|Any CPU.ActiveCfg = DebugAll|Any CPU
		{3D64A8B0-64D6-468D-A987-536B1717DF36}.Bronze|Any CPU.Build.0 = DebugAll|Any CPU
		{3D64A8B0-64D6-468D-A987-536B1717DF36}.Debug|Any CPU.ActiveCfg = Debug|Any CPU
		{3D64A8B0-64D6-468D-A987-536B1717DF36}.Debug|Any CPU.Build.0 = Debug|Any CPU
		{3D64A8B0-64D6-468D-A987-536B1717DF36}.DebugAll|Any CPU.ActiveCfg = DebugAll|Any CPU
		{3D64A8B0-64D6-468D-A987-536B1717DF36}.DebugAll|Any CPU.Build.0 = DebugAll|Any CPU
		{3D64A8B0-64D6-468D-A987-536B1717DF36}.Gold|Any CPU.ActiveCfg = DebugAll|Any CPU
		{3D64A8B0-64D6-468D-A987-536B1717DF36}.Gold|Any CPU.Build.0 = DebugAll|Any CPU
		{3D64A8B0-64D6-468D-A987-536B1717DF36}.Release|Any CPU.ActiveCfg = Release|Any CPU
		{3D64A8B0-64D6-468D-A987-536B1717DF36}.Release|Any CPU.Build.0 = Release|Any CPU
		{3D64A8B0-64D6-468D-A987-536B1717DF36}.Silver|Any CPU.ActiveCfg = DebugAll|Any CPU
		{3D64A8B0-64D6-468D-A987-536B1717DF36}.Silver|Any CPU.Build.0 = DebugAll|Any CPU
		{3D64A8B0-64D6-468D-A987-536B1717DF36}.TransformWebConfig|Any CPU.ActiveCfg = DebugAll|Any CPU
		{3D64A8B0-64D6-468D-A987-536B1717DF36}.TransformWebConfig|Any CPU.Build.0 = DebugAll|Any CPU
		{C3496FAE-A564-4AF4-975A-410BA13F3230}.Bronze|Any CPU.ActiveCfg = Release|Any CPU
		{C3496FAE-A564-4AF4-975A-410BA13F3230}.Bronze|Any CPU.Build.0 = Release|Any CPU
		{C3496FAE-A564-4AF4-975A-410BA13F3230}.Debug|Any CPU.ActiveCfg = Debug|Any CPU
		{C3496FAE-A564-4AF4-975A-410BA13F3230}.Debug|Any CPU.Build.0 = Debug|Any CPU
		{C3496FAE-A564-4AF4-975A-410BA13F3230}.DebugAll|Any CPU.ActiveCfg = Debug|Any CPU
		{C3496FAE-A564-4AF4-975A-410BA13F3230}.DebugAll|Any CPU.Build.0 = Debug|Any CPU
		{C3496FAE-A564-4AF4-975A-410BA13F3230}.Gold|Any CPU.ActiveCfg = Release|Any CPU
		{C3496FAE-A564-4AF4-975A-410BA13F3230}.Gold|Any CPU.Build.0 = Release|Any CPU
		{C3496FAE-A564-4AF4-975A-410BA13F3230}.Release|Any CPU.ActiveCfg = Release|Any CPU
		{C3496FAE-A564-4AF4-975A-410BA13F3230}.Release|Any CPU.Build.0 = Release|Any CPU
		{C3496FAE-A564-4AF4-975A-410BA13F3230}.Silver|Any CPU.ActiveCfg = Release|Any CPU
		{C3496FAE-A564-4AF4-975A-410BA13F3230}.Silver|Any CPU.Build.0 = Release|Any CPU
		{C3496FAE-A564-4AF4-975A-410BA13F3230}.TransformWebConfig|Any CPU.ActiveCfg = Release|Any CPU
		{C3496FAE-A564-4AF4-975A-410BA13F3230}.TransformWebConfig|Any CPU.Build.0 = Release|Any CPU
		{FF6BB58B-2AF7-480C-9772-8E5B58C7B70D}.Bronze|Any CPU.ActiveCfg = Release|Any CPU
		{FF6BB58B-2AF7-480C-9772-8E5B58C7B70D}.Bronze|Any CPU.Build.0 = Release|Any CPU
		{FF6BB58B-2AF7-480C-9772-8E5B58C7B70D}.Debug|Any CPU.ActiveCfg = Debug|Any CPU
		{FF6BB58B-2AF7-480C-9772-8E5B58C7B70D}.Debug|Any CPU.Build.0 = Debug|Any CPU
		{FF6BB58B-2AF7-480C-9772-8E5B58C7B70D}.DebugAll|Any CPU.ActiveCfg = Debug|Any CPU
		{FF6BB58B-2AF7-480C-9772-8E5B58C7B70D}.DebugAll|Any CPU.Build.0 = Debug|Any CPU
		{FF6BB58B-2AF7-480C-9772-8E5B58C7B70D}.Gold|Any CPU.ActiveCfg = Release|Any CPU
		{FF6BB58B-2AF7-480C-9772-8E5B58C7B70D}.Gold|Any CPU.Build.0 = Release|Any CPU
		{FF6BB58B-2AF7-480C-9772-8E5B58C7B70D}.Release|Any CPU.ActiveCfg = Release|Any CPU
		{FF6BB58B-2AF7-480C-9772-8E5B58C7B70D}.Release|Any CPU.Build.0 = Release|Any CPU
		{FF6BB58B-2AF7-480C-9772-8E5B58C7B70D}.Silver|Any CPU.ActiveCfg = Release|Any CPU
		{FF6BB58B-2AF7-480C-9772-8E5B58C7B70D}.Silver|Any CPU.Build.0 = Release|Any CPU
		{FF6BB58B-2AF7-480C-9772-8E5B58C7B70D}.TransformWebConfig|Any CPU.ActiveCfg = Release|Any CPU
		{FF6BB58B-2AF7-480C-9772-8E5B58C7B70D}.TransformWebConfig|Any CPU.Build.0 = Release|Any CPU
		{504C4A8A-8D2B-4987-A6F7-A6446DCD3E49}.Bronze|Any CPU.ActiveCfg = Release|Any CPU
		{504C4A8A-8D2B-4987-A6F7-A6446DCD3E49}.Bronze|Any CPU.Build.0 = Release|Any CPU
		{504C4A8A-8D2B-4987-A6F7-A6446DCD3E49}.Debug|Any CPU.ActiveCfg = Debug|Any CPU
		{504C4A8A-8D2B-4987-A6F7-A6446DCD3E49}.Debug|Any CPU.Build.0 = Debug|Any CPU
		{504C4A8A-8D2B-4987-A6F7-A6446DCD3E49}.DebugAll|Any CPU.ActiveCfg = Debug|Any CPU
		{504C4A8A-8D2B-4987-A6F7-A6446DCD3E49}.DebugAll|Any CPU.Build.0 = Debug|Any CPU
		{504C4A8A-8D2B-4987-A6F7-A6446DCD3E49}.Gold|Any CPU.ActiveCfg = Release|Any CPU
		{504C4A8A-8D2B-4987-A6F7-A6446DCD3E49}.Gold|Any CPU.Build.0 = Release|Any CPU
		{504C4A8A-8D2B-4987-A6F7-A6446DCD3E49}.Release|Any CPU.ActiveCfg = Release|Any CPU
		{504C4A8A-8D2B-4987-A6F7-A6446DCD3E49}.Release|Any CPU.Build.0 = Release|Any CPU
		{504C4A8A-8D2B-4987-A6F7-A6446DCD3E49}.Silver|Any CPU.ActiveCfg = Release|Any CPU
		{504C4A8A-8D2B-4987-A6F7-A6446DCD3E49}.Silver|Any CPU.Build.0 = Release|Any CPU
		{504C4A8A-8D2B-4987-A6F7-A6446DCD3E49}.TransformWebConfig|Any CPU.ActiveCfg = Release|Any CPU
		{504C4A8A-8D2B-4987-A6F7-A6446DCD3E49}.TransformWebConfig|Any CPU.Build.0 = Release|Any CPU
		{3E7DC35C-4402-4D7C-852C-607855F015CA}.Bronze|Any CPU.ActiveCfg = Release|Any CPU
		{3E7DC35C-4402-4D7C-852C-607855F015CA}.Bronze|Any CPU.Build.0 = Release|Any CPU
		{3E7DC35C-4402-4D7C-852C-607855F015CA}.Debug|Any CPU.ActiveCfg = Debug|Any CPU
		{3E7DC35C-4402-4D7C-852C-607855F015CA}.Debug|Any CPU.Build.0 = Debug|Any CPU
		{3E7DC35C-4402-4D7C-852C-607855F015CA}.DebugAll|Any CPU.ActiveCfg = Debug|Any CPU
		{3E7DC35C-4402-4D7C-852C-607855F015CA}.DebugAll|Any CPU.Build.0 = Debug|Any CPU
		{3E7DC35C-4402-4D7C-852C-607855F015CA}.Gold|Any CPU.ActiveCfg = Release|Any CPU
		{3E7DC35C-4402-4D7C-852C-607855F015CA}.Gold|Any CPU.Build.0 = Release|Any CPU
		{3E7DC35C-4402-4D7C-852C-607855F015CA}.Release|Any CPU.ActiveCfg = Release|Any CPU
		{3E7DC35C-4402-4D7C-852C-607855F015CA}.Release|Any CPU.Build.0 = Release|Any CPU
		{3E7DC35C-4402-4D7C-852C-607855F015CA}.Silver|Any CPU.ActiveCfg = Release|Any CPU
		{3E7DC35C-4402-4D7C-852C-607855F015CA}.Silver|Any CPU.Build.0 = Release|Any CPU
		{3E7DC35C-4402-4D7C-852C-607855F015CA}.TransformWebConfig|Any CPU.ActiveCfg = Release|Any CPU
		{3E7DC35C-4402-4D7C-852C-607855F015CA}.TransformWebConfig|Any CPU.Build.0 = Release|Any CPU
		{DB91FAC2-3B05-4687-AF72-42BC4DF9CC11}.Bronze|Any CPU.ActiveCfg = TransformWebConfig|Any CPU
		{DB91FAC2-3B05-4687-AF72-42BC4DF9CC11}.Bronze|Any CPU.Build.0 = TransformWebConfig|Any CPU
		{DB91FAC2-3B05-4687-AF72-42BC4DF9CC11}.Debug|Any CPU.ActiveCfg = Debug|Any CPU
		{DB91FAC2-3B05-4687-AF72-42BC4DF9CC11}.Debug|Any CPU.Build.0 = Debug|Any CPU
		{DB91FAC2-3B05-4687-AF72-42BC4DF9CC11}.DebugAll|Any CPU.ActiveCfg = Debug|Any CPU
		{DB91FAC2-3B05-4687-AF72-42BC4DF9CC11}.DebugAll|Any CPU.Build.0 = Debug|Any CPU
		{DB91FAC2-3B05-4687-AF72-42BC4DF9CC11}.Gold|Any CPU.ActiveCfg = TransformWebConfig|Any CPU
		{DB91FAC2-3B05-4687-AF72-42BC4DF9CC11}.Gold|Any CPU.Build.0 = TransformWebConfig|Any CPU
		{DB91FAC2-3B05-4687-AF72-42BC4DF9CC11}.Release|Any CPU.ActiveCfg = Release|Any CPU
		{DB91FAC2-3B05-4687-AF72-42BC4DF9CC11}.Release|Any CPU.Build.0 = Release|Any CPU
		{DB91FAC2-3B05-4687-AF72-42BC4DF9CC11}.Silver|Any CPU.ActiveCfg = TransformWebConfig|Any CPU
		{DB91FAC2-3B05-4687-AF72-42BC4DF9CC11}.Silver|Any CPU.Build.0 = TransformWebConfig|Any CPU
		{DB91FAC2-3B05-4687-AF72-42BC4DF9CC11}.TransformWebConfig|Any CPU.ActiveCfg = TransformWebConfig|Any CPU
		{DB91FAC2-3B05-4687-AF72-42BC4DF9CC11}.TransformWebConfig|Any CPU.Build.0 = TransformWebConfig|Any CPU
		{A427ABC5-F310-4362-B9A3-7A9D1D2DCF12}.Bronze|Any CPU.ActiveCfg = TransformWebConfig|Any CPU
		{A427ABC5-F310-4362-B9A3-7A9D1D2DCF12}.Bronze|Any CPU.Build.0 = TransformWebConfig|Any CPU
		{A427ABC5-F310-4362-B9A3-7A9D1D2DCF12}.Debug|Any CPU.ActiveCfg = Debug|Any CPU
		{A427ABC5-F310-4362-B9A3-7A9D1D2DCF12}.Debug|Any CPU.Build.0 = Debug|Any CPU
		{A427ABC5-F310-4362-B9A3-7A9D1D2DCF12}.DebugAll|Any CPU.ActiveCfg = Debug|Any CPU
		{A427ABC5-F310-4362-B9A3-7A9D1D2DCF12}.DebugAll|Any CPU.Build.0 = Debug|Any CPU
		{A427ABC5-F310-4362-B9A3-7A9D1D2DCF12}.Gold|Any CPU.ActiveCfg = TransformWebConfig|Any CPU
		{A427ABC5-F310-4362-B9A3-7A9D1D2DCF12}.Gold|Any CPU.Build.0 = TransformWebConfig|Any CPU
		{A427ABC5-F310-4362-B9A3-7A9D1D2DCF12}.Release|Any CPU.ActiveCfg = Release|Any CPU
		{A427ABC5-F310-4362-B9A3-7A9D1D2DCF12}.Release|Any CPU.Build.0 = Release|Any CPU
		{A427ABC5-F310-4362-B9A3-7A9D1D2DCF12}.Silver|Any CPU.ActiveCfg = TransformWebConfig|Any CPU
		{A427ABC5-F310-4362-B9A3-7A9D1D2DCF12}.Silver|Any CPU.Build.0 = TransformWebConfig|Any CPU
		{A427ABC5-F310-4362-B9A3-7A9D1D2DCF12}.TransformWebConfig|Any CPU.ActiveCfg = TransformWebConfig|Any CPU
		{A427ABC5-F310-4362-B9A3-7A9D1D2DCF12}.TransformWebConfig|Any CPU.Build.0 = TransformWebConfig|Any CPU
		{B53C3F86-1FF6-48C6-86FB-8B640251AF3E}.Bronze|Any CPU.ActiveCfg = TransformWebConfig|Any CPU
		{B53C3F86-1FF6-48C6-86FB-8B640251AF3E}.Bronze|Any CPU.Build.0 = TransformWebConfig|Any CPU
		{B53C3F86-1FF6-48C6-86FB-8B640251AF3E}.Debug|Any CPU.ActiveCfg = Debug|Any CPU
		{B53C3F86-1FF6-48C6-86FB-8B640251AF3E}.Debug|Any CPU.Build.0 = Debug|Any CPU
		{B53C3F86-1FF6-48C6-86FB-8B640251AF3E}.DebugAll|Any CPU.ActiveCfg = Debug|Any CPU
		{B53C3F86-1FF6-48C6-86FB-8B640251AF3E}.DebugAll|Any CPU.Build.0 = Debug|Any CPU
		{B53C3F86-1FF6-48C6-86FB-8B640251AF3E}.Gold|Any CPU.ActiveCfg = TransformWebConfig|Any CPU
		{B53C3F86-1FF6-48C6-86FB-8B640251AF3E}.Gold|Any CPU.Build.0 = TransformWebConfig|Any CPU
		{B53C3F86-1FF6-48C6-86FB-8B640251AF3E}.Release|Any CPU.ActiveCfg = Release|Any CPU
		{B53C3F86-1FF6-48C6-86FB-8B640251AF3E}.Release|Any CPU.Build.0 = Release|Any CPU
		{B53C3F86-1FF6-48C6-86FB-8B640251AF3E}.Silver|Any CPU.ActiveCfg = TransformWebConfig|Any CPU
		{B53C3F86-1FF6-48C6-86FB-8B640251AF3E}.Silver|Any CPU.Build.0 = TransformWebConfig|Any CPU
		{B53C3F86-1FF6-48C6-86FB-8B640251AF3E}.TransformWebConfig|Any CPU.ActiveCfg = TransformWebConfig|Any CPU
		{B53C3F86-1FF6-48C6-86FB-8B640251AF3E}.TransformWebConfig|Any CPU.Build.0 = TransformWebConfig|Any CPU
		{B5CCE166-3D60-46D5-ACE1-C8E40A0455EB}.Bronze|Any CPU.ActiveCfg = TransformWebConfig|Any CPU
		{B5CCE166-3D60-46D5-ACE1-C8E40A0455EB}.Bronze|Any CPU.Build.0 = TransformWebConfig|Any CPU
		{B5CCE166-3D60-46D5-ACE1-C8E40A0455EB}.Debug|Any CPU.ActiveCfg = Debug|Any CPU
		{B5CCE166-3D60-46D5-ACE1-C8E40A0455EB}.Debug|Any CPU.Build.0 = Debug|Any CPU
		{B5CCE166-3D60-46D5-ACE1-C8E40A0455EB}.DebugAll|Any CPU.ActiveCfg = Debug|Any CPU
		{B5CCE166-3D60-46D5-ACE1-C8E40A0455EB}.DebugAll|Any CPU.Build.0 = Debug|Any CPU
		{B5CCE166-3D60-46D5-ACE1-C8E40A0455EB}.Gold|Any CPU.ActiveCfg = TransformWebConfig|Any CPU
		{B5CCE166-3D60-46D5-ACE1-C8E40A0455EB}.Gold|Any CPU.Build.0 = TransformWebConfig|Any CPU
		{B5CCE166-3D60-46D5-ACE1-C8E40A0455EB}.Release|Any CPU.ActiveCfg = Release|Any CPU
		{B5CCE166-3D60-46D5-ACE1-C8E40A0455EB}.Release|Any CPU.Build.0 = Release|Any CPU
		{B5CCE166-3D60-46D5-ACE1-C8E40A0455EB}.Silver|Any CPU.ActiveCfg = TransformWebConfig|Any CPU
		{B5CCE166-3D60-46D5-ACE1-C8E40A0455EB}.Silver|Any CPU.Build.0 = TransformWebConfig|Any CPU
		{B5CCE166-3D60-46D5-ACE1-C8E40A0455EB}.TransformWebConfig|Any CPU.ActiveCfg = TransformWebConfig|Any CPU
		{B5CCE166-3D60-46D5-ACE1-C8E40A0455EB}.TransformWebConfig|Any CPU.Build.0 = TransformWebConfig|Any CPU
		{74F8E141-258A-4E01-ACA5-722CAC0CE891}.Bronze|Any CPU.ActiveCfg = TransformWebConfig|Any CPU
		{74F8E141-258A-4E01-ACA5-722CAC0CE891}.Bronze|Any CPU.Build.0 = TransformWebConfig|Any CPU
		{74F8E141-258A-4E01-ACA5-722CAC0CE891}.Debug|Any CPU.ActiveCfg = Debug|Any CPU
		{74F8E141-258A-4E01-ACA5-722CAC0CE891}.Debug|Any CPU.Build.0 = Debug|Any CPU
		{74F8E141-258A-4E01-ACA5-722CAC0CE891}.DebugAll|Any CPU.ActiveCfg = Debug|Any CPU
		{74F8E141-258A-4E01-ACA5-722CAC0CE891}.DebugAll|Any CPU.Build.0 = Debug|Any CPU
		{74F8E141-258A-4E01-ACA5-722CAC0CE891}.Gold|Any CPU.ActiveCfg = TransformWebConfig|Any CPU
		{74F8E141-258A-4E01-ACA5-722CAC0CE891}.Gold|Any CPU.Build.0 = TransformWebConfig|Any CPU
		{74F8E141-258A-4E01-ACA5-722CAC0CE891}.Release|Any CPU.ActiveCfg = Release|Any CPU
		{74F8E141-258A-4E01-ACA5-722CAC0CE891}.Release|Any CPU.Build.0 = Release|Any CPU
		{74F8E141-258A-4E01-ACA5-722CAC0CE891}.Silver|Any CPU.ActiveCfg = TransformWebConfig|Any CPU
		{74F8E141-258A-4E01-ACA5-722CAC0CE891}.Silver|Any CPU.Build.0 = TransformWebConfig|Any CPU
		{74F8E141-258A-4E01-ACA5-722CAC0CE891}.TransformWebConfig|Any CPU.ActiveCfg = TransformWebConfig|Any CPU
		{74F8E141-258A-4E01-ACA5-722CAC0CE891}.TransformWebConfig|Any CPU.Build.0 = TransformWebConfig|Any CPU
		{F42214E3-8221-49A7-B726-EFB92546C779}.Bronze|Any CPU.ActiveCfg = Release|Any CPU
		{F42214E3-8221-49A7-B726-EFB92546C779}.Bronze|Any CPU.Build.0 = Release|Any CPU
		{F42214E3-8221-49A7-B726-EFB92546C779}.Debug|Any CPU.ActiveCfg = Debug|Any CPU
		{F42214E3-8221-49A7-B726-EFB92546C779}.Debug|Any CPU.Build.0 = Debug|Any CPU
		{F42214E3-8221-49A7-B726-EFB92546C779}.DebugAll|Any CPU.ActiveCfg = Debug|Any CPU
		{F42214E3-8221-49A7-B726-EFB92546C779}.DebugAll|Any CPU.Build.0 = Debug|Any CPU
		{F42214E3-8221-49A7-B726-EFB92546C779}.Gold|Any CPU.ActiveCfg = Release|Any CPU
		{F42214E3-8221-49A7-B726-EFB92546C779}.Gold|Any CPU.Build.0 = Release|Any CPU
		{F42214E3-8221-49A7-B726-EFB92546C779}.Release|Any CPU.ActiveCfg = Release|Any CPU
		{F42214E3-8221-49A7-B726-EFB92546C779}.Release|Any CPU.Build.0 = Release|Any CPU
		{F42214E3-8221-49A7-B726-EFB92546C779}.Silver|Any CPU.ActiveCfg = Release|Any CPU
		{F42214E3-8221-49A7-B726-EFB92546C779}.Silver|Any CPU.Build.0 = Release|Any CPU
		{F42214E3-8221-49A7-B726-EFB92546C779}.TransformWebConfig|Any CPU.ActiveCfg = Release|Any CPU
		{F42214E3-8221-49A7-B726-EFB92546C779}.TransformWebConfig|Any CPU.Build.0 = Release|Any CPU
		{11D3F120-F151-424D-A4FC-705F2CEFCABF}.Bronze|Any CPU.ActiveCfg = Release|Any CPU
		{11D3F120-F151-424D-A4FC-705F2CEFCABF}.Bronze|Any CPU.Build.0 = Release|Any CPU
		{11D3F120-F151-424D-A4FC-705F2CEFCABF}.Debug|Any CPU.ActiveCfg = Debug|Any CPU
		{11D3F120-F151-424D-A4FC-705F2CEFCABF}.Debug|Any CPU.Build.0 = Debug|Any CPU
		{11D3F120-F151-424D-A4FC-705F2CEFCABF}.DebugAll|Any CPU.ActiveCfg = Debug|Any CPU
		{11D3F120-F151-424D-A4FC-705F2CEFCABF}.DebugAll|Any CPU.Build.0 = Debug|Any CPU
		{11D3F120-F151-424D-A4FC-705F2CEFCABF}.Gold|Any CPU.ActiveCfg = Release|Any CPU
		{11D3F120-F151-424D-A4FC-705F2CEFCABF}.Gold|Any CPU.Build.0 = Release|Any CPU
		{11D3F120-F151-424D-A4FC-705F2CEFCABF}.Release|Any CPU.ActiveCfg = Release|Any CPU
		{11D3F120-F151-424D-A4FC-705F2CEFCABF}.Release|Any CPU.Build.0 = Release|Any CPU
		{11D3F120-F151-424D-A4FC-705F2CEFCABF}.Silver|Any CPU.ActiveCfg = Release|Any CPU
		{11D3F120-F151-424D-A4FC-705F2CEFCABF}.Silver|Any CPU.Build.0 = Release|Any CPU
		{11D3F120-F151-424D-A4FC-705F2CEFCABF}.TransformWebConfig|Any CPU.ActiveCfg = Release|Any CPU
		{11D3F120-F151-424D-A4FC-705F2CEFCABF}.TransformWebConfig|Any CPU.Build.0 = Release|Any CPU
		{17980E2A-CD08-4F80-A31F-E256DE4A72A1}.Bronze|Any CPU.ActiveCfg = Release|Any CPU
		{17980E2A-CD08-4F80-A31F-E256DE4A72A1}.Bronze|Any CPU.Build.0 = Release|Any CPU
		{17980E2A-CD08-4F80-A31F-E256DE4A72A1}.Debug|Any CPU.ActiveCfg = Debug|Any CPU
		{17980E2A-CD08-4F80-A31F-E256DE4A72A1}.Debug|Any CPU.Build.0 = Debug|Any CPU
		{17980E2A-CD08-4F80-A31F-E256DE4A72A1}.DebugAll|Any CPU.ActiveCfg = Debug|Any CPU
		{17980E2A-CD08-4F80-A31F-E256DE4A72A1}.DebugAll|Any CPU.Build.0 = Debug|Any CPU
		{17980E2A-CD08-4F80-A31F-E256DE4A72A1}.Gold|Any CPU.ActiveCfg = Release|Any CPU
		{17980E2A-CD08-4F80-A31F-E256DE4A72A1}.Gold|Any CPU.Build.0 = Release|Any CPU
		{17980E2A-CD08-4F80-A31F-E256DE4A72A1}.Release|Any CPU.ActiveCfg = Release|Any CPU
		{17980E2A-CD08-4F80-A31F-E256DE4A72A1}.Release|Any CPU.Build.0 = Release|Any CPU
		{17980E2A-CD08-4F80-A31F-E256DE4A72A1}.Silver|Any CPU.ActiveCfg = Release|Any CPU
		{17980E2A-CD08-4F80-A31F-E256DE4A72A1}.Silver|Any CPU.Build.0 = Release|Any CPU
		{17980E2A-CD08-4F80-A31F-E256DE4A72A1}.TransformWebConfig|Any CPU.ActiveCfg = Release|Any CPU
		{17980E2A-CD08-4F80-A31F-E256DE4A72A1}.TransformWebConfig|Any CPU.Build.0 = Release|Any CPU
		{27987054-C9E6-4C93-B810-630A8909B59E}.Bronze|Any CPU.ActiveCfg = Release|Any CPU
		{27987054-C9E6-4C93-B810-630A8909B59E}.Bronze|Any CPU.Build.0 = Release|Any CPU
		{27987054-C9E6-4C93-B810-630A8909B59E}.Debug|Any CPU.ActiveCfg = Debug|Any CPU
		{27987054-C9E6-4C93-B810-630A8909B59E}.Debug|Any CPU.Build.0 = Debug|Any CPU
		{27987054-C9E6-4C93-B810-630A8909B59E}.DebugAll|Any CPU.ActiveCfg = Debug|Any CPU
		{27987054-C9E6-4C93-B810-630A8909B59E}.DebugAll|Any CPU.Build.0 = Debug|Any CPU
		{27987054-C9E6-4C93-B810-630A8909B59E}.Gold|Any CPU.ActiveCfg = Release|Any CPU
		{27987054-C9E6-4C93-B810-630A8909B59E}.Gold|Any CPU.Build.0 = Release|Any CPU
		{27987054-C9E6-4C93-B810-630A8909B59E}.Release|Any CPU.ActiveCfg = Release|Any CPU
		{27987054-C9E6-4C93-B810-630A8909B59E}.Release|Any CPU.Build.0 = Release|Any CPU
		{27987054-C9E6-4C93-B810-630A8909B59E}.Silver|Any CPU.ActiveCfg = Release|Any CPU
		{27987054-C9E6-4C93-B810-630A8909B59E}.Silver|Any CPU.Build.0 = Release|Any CPU
		{27987054-C9E6-4C93-B810-630A8909B59E}.TransformWebConfig|Any CPU.ActiveCfg = Release|Any CPU
		{27987054-C9E6-4C93-B810-630A8909B59E}.TransformWebConfig|Any CPU.Build.0 = Release|Any CPU
		{5E4F4B8E-BBC9-4E27-B30D-7F1574EB0598}.Bronze|Any CPU.ActiveCfg = Release|Any CPU
		{5E4F4B8E-BBC9-4E27-B30D-7F1574EB0598}.Bronze|Any CPU.Build.0 = Release|Any CPU
		{5E4F4B8E-BBC9-4E27-B30D-7F1574EB0598}.Debug|Any CPU.ActiveCfg = Debug|Any CPU
		{5E4F4B8E-BBC9-4E27-B30D-7F1574EB0598}.Debug|Any CPU.Build.0 = Debug|Any CPU
		{5E4F4B8E-BBC9-4E27-B30D-7F1574EB0598}.DebugAll|Any CPU.ActiveCfg = Debug|Any CPU
		{5E4F4B8E-BBC9-4E27-B30D-7F1574EB0598}.DebugAll|Any CPU.Build.0 = Debug|Any CPU
		{5E4F4B8E-BBC9-4E27-B30D-7F1574EB0598}.Gold|Any CPU.ActiveCfg = Release|Any CPU
		{5E4F4B8E-BBC9-4E27-B30D-7F1574EB0598}.Gold|Any CPU.Build.0 = Release|Any CPU
		{5E4F4B8E-BBC9-4E27-B30D-7F1574EB0598}.Release|Any CPU.ActiveCfg = Release|Any CPU
		{5E4F4B8E-BBC9-4E27-B30D-7F1574EB0598}.Release|Any CPU.Build.0 = Release|Any CPU
		{5E4F4B8E-BBC9-4E27-B30D-7F1574EB0598}.Silver|Any CPU.ActiveCfg = Release|Any CPU
		{5E4F4B8E-BBC9-4E27-B30D-7F1574EB0598}.Silver|Any CPU.Build.0 = Release|Any CPU
		{5E4F4B8E-BBC9-4E27-B30D-7F1574EB0598}.TransformWebConfig|Any CPU.ActiveCfg = Release|Any CPU
		{5E4F4B8E-BBC9-4E27-B30D-7F1574EB0598}.TransformWebConfig|Any CPU.Build.0 = Release|Any CPU
		{8C955AD1-71DA-4E7F-A252-F5922F48FB16}.Bronze|Any CPU.ActiveCfg = Release|Any CPU
		{8C955AD1-71DA-4E7F-A252-F5922F48FB16}.Bronze|Any CPU.Build.0 = Release|Any CPU
		{8C955AD1-71DA-4E7F-A252-F5922F48FB16}.Debug|Any CPU.ActiveCfg = Debug|Any CPU
		{8C955AD1-71DA-4E7F-A252-F5922F48FB16}.Debug|Any CPU.Build.0 = Debug|Any CPU
		{8C955AD1-71DA-4E7F-A252-F5922F48FB16}.DebugAll|Any CPU.ActiveCfg = Debug|Any CPU
		{8C955AD1-71DA-4E7F-A252-F5922F48FB16}.DebugAll|Any CPU.Build.0 = Debug|Any CPU
		{8C955AD1-71DA-4E7F-A252-F5922F48FB16}.Gold|Any CPU.ActiveCfg = Release|Any CPU
		{8C955AD1-71DA-4E7F-A252-F5922F48FB16}.Gold|Any CPU.Build.0 = Release|Any CPU
		{8C955AD1-71DA-4E7F-A252-F5922F48FB16}.Release|Any CPU.ActiveCfg = Release|Any CPU
		{8C955AD1-71DA-4E7F-A252-F5922F48FB16}.Release|Any CPU.Build.0 = Release|Any CPU
		{8C955AD1-71DA-4E7F-A252-F5922F48FB16}.Silver|Any CPU.ActiveCfg = Release|Any CPU
		{8C955AD1-71DA-4E7F-A252-F5922F48FB16}.Silver|Any CPU.Build.0 = Release|Any CPU
		{8C955AD1-71DA-4E7F-A252-F5922F48FB16}.TransformWebConfig|Any CPU.ActiveCfg = Release|Any CPU
		{8C955AD1-71DA-4E7F-A252-F5922F48FB16}.TransformWebConfig|Any CPU.Build.0 = Release|Any CPU
		{0FA33776-DB6B-4AD8-9AC3-746D66D7580D}.Bronze|Any CPU.ActiveCfg = Release|Any CPU
		{0FA33776-DB6B-4AD8-9AC3-746D66D7580D}.Bronze|Any CPU.Build.0 = Release|Any CPU
		{0FA33776-DB6B-4AD8-9AC3-746D66D7580D}.Debug|Any CPU.ActiveCfg = Debug|Any CPU
		{0FA33776-DB6B-4AD8-9AC3-746D66D7580D}.Debug|Any CPU.Build.0 = Debug|Any CPU
		{0FA33776-DB6B-4AD8-9AC3-746D66D7580D}.DebugAll|Any CPU.ActiveCfg = Debug|Any CPU
		{0FA33776-DB6B-4AD8-9AC3-746D66D7580D}.DebugAll|Any CPU.Build.0 = Debug|Any CPU
		{0FA33776-DB6B-4AD8-9AC3-746D66D7580D}.Gold|Any CPU.ActiveCfg = Release|Any CPU
		{0FA33776-DB6B-4AD8-9AC3-746D66D7580D}.Gold|Any CPU.Build.0 = Release|Any CPU
		{0FA33776-DB6B-4AD8-9AC3-746D66D7580D}.Release|Any CPU.ActiveCfg = Release|Any CPU
		{0FA33776-DB6B-4AD8-9AC3-746D66D7580D}.Release|Any CPU.Build.0 = Release|Any CPU
		{0FA33776-DB6B-4AD8-9AC3-746D66D7580D}.Silver|Any CPU.ActiveCfg = Release|Any CPU
		{0FA33776-DB6B-4AD8-9AC3-746D66D7580D}.Silver|Any CPU.Build.0 = Release|Any CPU
		{0FA33776-DB6B-4AD8-9AC3-746D66D7580D}.TransformWebConfig|Any CPU.ActiveCfg = Release|Any CPU
		{0FA33776-DB6B-4AD8-9AC3-746D66D7580D}.TransformWebConfig|Any CPU.Build.0 = Release|Any CPU
		{34981361-A46D-40AD-9B66-93AB7BA50D83}.Bronze|Any CPU.ActiveCfg = Release|Any CPU
		{34981361-A46D-40AD-9B66-93AB7BA50D83}.Bronze|Any CPU.Build.0 = Release|Any CPU
		{34981361-A46D-40AD-9B66-93AB7BA50D83}.Debug|Any CPU.ActiveCfg = Debug|Any CPU
		{34981361-A46D-40AD-9B66-93AB7BA50D83}.Debug|Any CPU.Build.0 = Debug|Any CPU
		{34981361-A46D-40AD-9B66-93AB7BA50D83}.DebugAll|Any CPU.ActiveCfg = Debug|Any CPU
		{34981361-A46D-40AD-9B66-93AB7BA50D83}.DebugAll|Any CPU.Build.0 = Debug|Any CPU
		{34981361-A46D-40AD-9B66-93AB7BA50D83}.Gold|Any CPU.ActiveCfg = Release|Any CPU
		{34981361-A46D-40AD-9B66-93AB7BA50D83}.Gold|Any CPU.Build.0 = Release|Any CPU
		{34981361-A46D-40AD-9B66-93AB7BA50D83}.Release|Any CPU.ActiveCfg = Release|Any CPU
		{34981361-A46D-40AD-9B66-93AB7BA50D83}.Release|Any CPU.Build.0 = Release|Any CPU
		{34981361-A46D-40AD-9B66-93AB7BA50D83}.Silver|Any CPU.ActiveCfg = Release|Any CPU
		{34981361-A46D-40AD-9B66-93AB7BA50D83}.Silver|Any CPU.Build.0 = Release|Any CPU
		{34981361-A46D-40AD-9B66-93AB7BA50D83}.TransformWebConfig|Any CPU.ActiveCfg = Release|Any CPU
		{34981361-A46D-40AD-9B66-93AB7BA50D83}.TransformWebConfig|Any CPU.Build.0 = Release|Any CPU
		{5866FE02-B67F-4E33-9E9C-766C4376D1B9}.Bronze|Any CPU.ActiveCfg = Release|Any CPU
		{5866FE02-B67F-4E33-9E9C-766C4376D1B9}.Bronze|Any CPU.Build.0 = Release|Any CPU
		{5866FE02-B67F-4E33-9E9C-766C4376D1B9}.Debug|Any CPU.ActiveCfg = Debug|Any CPU
		{5866FE02-B67F-4E33-9E9C-766C4376D1B9}.Debug|Any CPU.Build.0 = Debug|Any CPU
		{5866FE02-B67F-4E33-9E9C-766C4376D1B9}.DebugAll|Any CPU.ActiveCfg = Debug|Any CPU
		{5866FE02-B67F-4E33-9E9C-766C4376D1B9}.DebugAll|Any CPU.Build.0 = Debug|Any CPU
		{5866FE02-B67F-4E33-9E9C-766C4376D1B9}.Gold|Any CPU.ActiveCfg = Release|Any CPU
		{5866FE02-B67F-4E33-9E9C-766C4376D1B9}.Gold|Any CPU.Build.0 = Release|Any CPU
		{5866FE02-B67F-4E33-9E9C-766C4376D1B9}.Release|Any CPU.ActiveCfg = Release|Any CPU
		{5866FE02-B67F-4E33-9E9C-766C4376D1B9}.Release|Any CPU.Build.0 = Release|Any CPU
		{5866FE02-B67F-4E33-9E9C-766C4376D1B9}.Silver|Any CPU.ActiveCfg = Release|Any CPU
		{5866FE02-B67F-4E33-9E9C-766C4376D1B9}.Silver|Any CPU.Build.0 = Release|Any CPU
		{5866FE02-B67F-4E33-9E9C-766C4376D1B9}.TransformWebConfig|Any CPU.ActiveCfg = Release|Any CPU
		{5866FE02-B67F-4E33-9E9C-766C4376D1B9}.TransformWebConfig|Any CPU.Build.0 = Release|Any CPU
		{30170AE8-A30C-4415-A7A2-C14FA57F5D4A}.Bronze|Any CPU.ActiveCfg = Release|Any CPU
		{30170AE8-A30C-4415-A7A2-C14FA57F5D4A}.Bronze|Any CPU.Build.0 = Release|Any CPU
		{30170AE8-A30C-4415-A7A2-C14FA57F5D4A}.Debug|Any CPU.ActiveCfg = Debug|Any CPU
		{30170AE8-A30C-4415-A7A2-C14FA57F5D4A}.Debug|Any CPU.Build.0 = Debug|Any CPU
		{30170AE8-A30C-4415-A7A2-C14FA57F5D4A}.DebugAll|Any CPU.ActiveCfg = Debug|Any CPU
		{30170AE8-A30C-4415-A7A2-C14FA57F5D4A}.DebugAll|Any CPU.Build.0 = Debug|Any CPU
		{30170AE8-A30C-4415-A7A2-C14FA57F5D4A}.Gold|Any CPU.ActiveCfg = Release|Any CPU
		{30170AE8-A30C-4415-A7A2-C14FA57F5D4A}.Gold|Any CPU.Build.0 = Release|Any CPU
		{30170AE8-A30C-4415-A7A2-C14FA57F5D4A}.Release|Any CPU.ActiveCfg = Release|Any CPU
		{30170AE8-A30C-4415-A7A2-C14FA57F5D4A}.Release|Any CPU.Build.0 = Release|Any CPU
		{30170AE8-A30C-4415-A7A2-C14FA57F5D4A}.Silver|Any CPU.ActiveCfg = Release|Any CPU
		{30170AE8-A30C-4415-A7A2-C14FA57F5D4A}.Silver|Any CPU.Build.0 = Release|Any CPU
		{30170AE8-A30C-4415-A7A2-C14FA57F5D4A}.TransformWebConfig|Any CPU.ActiveCfg = Release|Any CPU
		{30170AE8-A30C-4415-A7A2-C14FA57F5D4A}.TransformWebConfig|Any CPU.Build.0 = Release|Any CPU
		{354A5E25-EFAF-421E-9D68-C4729B926549}.Bronze|Any CPU.ActiveCfg = Release|Any CPU
		{354A5E25-EFAF-421E-9D68-C4729B926549}.Bronze|Any CPU.Build.0 = Release|Any CPU
		{354A5E25-EFAF-421E-9D68-C4729B926549}.Debug|Any CPU.ActiveCfg = Debug|Any CPU
		{354A5E25-EFAF-421E-9D68-C4729B926549}.Debug|Any CPU.Build.0 = Debug|Any CPU
		{354A5E25-EFAF-421E-9D68-C4729B926549}.DebugAll|Any CPU.ActiveCfg = Debug|Any CPU
		{354A5E25-EFAF-421E-9D68-C4729B926549}.DebugAll|Any CPU.Build.0 = Debug|Any CPU
		{354A5E25-EFAF-421E-9D68-C4729B926549}.Gold|Any CPU.ActiveCfg = Release|Any CPU
		{354A5E25-EFAF-421E-9D68-C4729B926549}.Gold|Any CPU.Build.0 = Release|Any CPU
		{354A5E25-EFAF-421E-9D68-C4729B926549}.Release|Any CPU.ActiveCfg = Release|Any CPU
		{354A5E25-EFAF-421E-9D68-C4729B926549}.Release|Any CPU.Build.0 = Release|Any CPU
		{354A5E25-EFAF-421E-9D68-C4729B926549}.Silver|Any CPU.ActiveCfg = Release|Any CPU
		{354A5E25-EFAF-421E-9D68-C4729B926549}.Silver|Any CPU.Build.0 = Release|Any CPU
		{354A5E25-EFAF-421E-9D68-C4729B926549}.TransformWebConfig|Any CPU.ActiveCfg = Release|Any CPU
		{354A5E25-EFAF-421E-9D68-C4729B926549}.TransformWebConfig|Any CPU.Build.0 = Release|Any CPU
		{69E9D982-74D9-4733-9A27-10389FDB65BB}.Bronze|Any CPU.ActiveCfg = Release|Any CPU
		{69E9D982-74D9-4733-9A27-10389FDB65BB}.Bronze|Any CPU.Build.0 = Release|Any CPU
		{69E9D982-74D9-4733-9A27-10389FDB65BB}.Debug|Any CPU.ActiveCfg = Debug|Any CPU
		{69E9D982-74D9-4733-9A27-10389FDB65BB}.Debug|Any CPU.Build.0 = Debug|Any CPU
		{69E9D982-74D9-4733-9A27-10389FDB65BB}.DebugAll|Any CPU.ActiveCfg = Debug|Any CPU
		{69E9D982-74D9-4733-9A27-10389FDB65BB}.DebugAll|Any CPU.Build.0 = Debug|Any CPU
		{69E9D982-74D9-4733-9A27-10389FDB65BB}.Gold|Any CPU.ActiveCfg = Release|Any CPU
		{69E9D982-74D9-4733-9A27-10389FDB65BB}.Gold|Any CPU.Build.0 = Release|Any CPU
		{69E9D982-74D9-4733-9A27-10389FDB65BB}.Release|Any CPU.ActiveCfg = Release|Any CPU
		{69E9D982-74D9-4733-9A27-10389FDB65BB}.Release|Any CPU.Build.0 = Release|Any CPU
		{69E9D982-74D9-4733-9A27-10389FDB65BB}.Silver|Any CPU.ActiveCfg = Release|Any CPU
		{69E9D982-74D9-4733-9A27-10389FDB65BB}.Silver|Any CPU.Build.0 = Release|Any CPU
		{69E9D982-74D9-4733-9A27-10389FDB65BB}.TransformWebConfig|Any CPU.ActiveCfg = Release|Any CPU
		{69E9D982-74D9-4733-9A27-10389FDB65BB}.TransformWebConfig|Any CPU.Build.0 = Release|Any CPU
		{8FF0CC8A-A719-4E03-B530-D1FEC420284D}.Bronze|Any CPU.ActiveCfg = Release|Any CPU
		{8FF0CC8A-A719-4E03-B530-D1FEC420284D}.Bronze|Any CPU.Build.0 = Release|Any CPU
		{8FF0CC8A-A719-4E03-B530-D1FEC420284D}.Debug|Any CPU.ActiveCfg = Debug|Any CPU
		{8FF0CC8A-A719-4E03-B530-D1FEC420284D}.Debug|Any CPU.Build.0 = Debug|Any CPU
		{8FF0CC8A-A719-4E03-B530-D1FEC420284D}.DebugAll|Any CPU.ActiveCfg = Debug|Any CPU
		{8FF0CC8A-A719-4E03-B530-D1FEC420284D}.DebugAll|Any CPU.Build.0 = Debug|Any CPU
		{8FF0CC8A-A719-4E03-B530-D1FEC420284D}.Gold|Any CPU.ActiveCfg = Release|Any CPU
		{8FF0CC8A-A719-4E03-B530-D1FEC420284D}.Gold|Any CPU.Build.0 = Release|Any CPU
		{8FF0CC8A-A719-4E03-B530-D1FEC420284D}.Release|Any CPU.ActiveCfg = Release|Any CPU
		{8FF0CC8A-A719-4E03-B530-D1FEC420284D}.Release|Any CPU.Build.0 = Release|Any CPU
		{8FF0CC8A-A719-4E03-B530-D1FEC420284D}.Silver|Any CPU.ActiveCfg = Release|Any CPU
		{8FF0CC8A-A719-4E03-B530-D1FEC420284D}.Silver|Any CPU.Build.0 = Release|Any CPU
		{8FF0CC8A-A719-4E03-B530-D1FEC420284D}.TransformWebConfig|Any CPU.ActiveCfg = Release|Any CPU
		{8FF0CC8A-A719-4E03-B530-D1FEC420284D}.TransformWebConfig|Any CPU.Build.0 = Release|Any CPU
		{9CDEDA5C-08FE-433D-AD50-C96EB568C09D}.Bronze|Any CPU.ActiveCfg = Release|Any CPU
		{9CDEDA5C-08FE-433D-AD50-C96EB568C09D}.Bronze|Any CPU.Build.0 = Release|Any CPU
		{9CDEDA5C-08FE-433D-AD50-C96EB568C09D}.Debug|Any CPU.ActiveCfg = Debug|Any CPU
		{9CDEDA5C-08FE-433D-AD50-C96EB568C09D}.Debug|Any CPU.Build.0 = Debug|Any CPU
		{9CDEDA5C-08FE-433D-AD50-C96EB568C09D}.DebugAll|Any CPU.ActiveCfg = Debug|Any CPU
		{9CDEDA5C-08FE-433D-AD50-C96EB568C09D}.DebugAll|Any CPU.Build.0 = Debug|Any CPU
		{9CDEDA5C-08FE-433D-AD50-C96EB568C09D}.Gold|Any CPU.ActiveCfg = Release|Any CPU
		{9CDEDA5C-08FE-433D-AD50-C96EB568C09D}.Gold|Any CPU.Build.0 = Release|Any CPU
		{9CDEDA5C-08FE-433D-AD50-C96EB568C09D}.Release|Any CPU.ActiveCfg = Release|Any CPU
		{9CDEDA5C-08FE-433D-AD50-C96EB568C09D}.Release|Any CPU.Build.0 = Release|Any CPU
		{9CDEDA5C-08FE-433D-AD50-C96EB568C09D}.Silver|Any CPU.ActiveCfg = Release|Any CPU
		{9CDEDA5C-08FE-433D-AD50-C96EB568C09D}.Silver|Any CPU.Build.0 = Release|Any CPU
		{9CDEDA5C-08FE-433D-AD50-C96EB568C09D}.TransformWebConfig|Any CPU.ActiveCfg = Release|Any CPU
		{9CDEDA5C-08FE-433D-AD50-C96EB568C09D}.TransformWebConfig|Any CPU.Build.0 = Release|Any CPU
		{5D47FE6E-F336-444C-A911-EAAFE47BF6A3}.Bronze|Any CPU.ActiveCfg = Release|Any CPU
		{5D47FE6E-F336-444C-A911-EAAFE47BF6A3}.Bronze|Any CPU.Build.0 = Release|Any CPU
		{5D47FE6E-F336-444C-A911-EAAFE47BF6A3}.Debug|Any CPU.ActiveCfg = Debug|Any CPU
		{5D47FE6E-F336-444C-A911-EAAFE47BF6A3}.Debug|Any CPU.Build.0 = Debug|Any CPU
		{5D47FE6E-F336-444C-A911-EAAFE47BF6A3}.DebugAll|Any CPU.ActiveCfg = Debug|Any CPU
		{5D47FE6E-F336-444C-A911-EAAFE47BF6A3}.DebugAll|Any CPU.Build.0 = Debug|Any CPU
		{5D47FE6E-F336-444C-A911-EAAFE47BF6A3}.Gold|Any CPU.ActiveCfg = Release|Any CPU
		{5D47FE6E-F336-444C-A911-EAAFE47BF6A3}.Gold|Any CPU.Build.0 = Release|Any CPU
		{5D47FE6E-F336-444C-A911-EAAFE47BF6A3}.Release|Any CPU.ActiveCfg = Release|Any CPU
		{5D47FE6E-F336-444C-A911-EAAFE47BF6A3}.Release|Any CPU.Build.0 = Release|Any CPU
		{5D47FE6E-F336-444C-A911-EAAFE47BF6A3}.Silver|Any CPU.ActiveCfg = Release|Any CPU
		{5D47FE6E-F336-444C-A911-EAAFE47BF6A3}.Silver|Any CPU.Build.0 = Release|Any CPU
		{5D47FE6E-F336-444C-A911-EAAFE47BF6A3}.TransformWebConfig|Any CPU.ActiveCfg = Release|Any CPU
		{5D47FE6E-F336-444C-A911-EAAFE47BF6A3}.TransformWebConfig|Any CPU.Build.0 = Release|Any CPU
		{A4A22AC9-401C-4E47-B69E-2D1994282915}.Bronze|Any CPU.ActiveCfg = Release|Any CPU
		{A4A22AC9-401C-4E47-B69E-2D1994282915}.Bronze|Any CPU.Build.0 = Release|Any CPU
		{A4A22AC9-401C-4E47-B69E-2D1994282915}.Debug|Any CPU.ActiveCfg = Debug|Any CPU
		{A4A22AC9-401C-4E47-B69E-2D1994282915}.Debug|Any CPU.Build.0 = Debug|Any CPU
		{A4A22AC9-401C-4E47-B69E-2D1994282915}.DebugAll|Any CPU.ActiveCfg = Debug|Any CPU
		{A4A22AC9-401C-4E47-B69E-2D1994282915}.DebugAll|Any CPU.Build.0 = Debug|Any CPU
		{A4A22AC9-401C-4E47-B69E-2D1994282915}.Gold|Any CPU.ActiveCfg = Release|Any CPU
		{A4A22AC9-401C-4E47-B69E-2D1994282915}.Gold|Any CPU.Build.0 = Release|Any CPU
		{A4A22AC9-401C-4E47-B69E-2D1994282915}.Release|Any CPU.ActiveCfg = Release|Any CPU
		{A4A22AC9-401C-4E47-B69E-2D1994282915}.Release|Any CPU.Build.0 = Release|Any CPU
		{A4A22AC9-401C-4E47-B69E-2D1994282915}.Silver|Any CPU.ActiveCfg = Release|Any CPU
		{A4A22AC9-401C-4E47-B69E-2D1994282915}.Silver|Any CPU.Build.0 = Release|Any CPU
		{A4A22AC9-401C-4E47-B69E-2D1994282915}.TransformWebConfig|Any CPU.ActiveCfg = Release|Any CPU
		{A4A22AC9-401C-4E47-B69E-2D1994282915}.TransformWebConfig|Any CPU.Build.0 = Release|Any CPU
	EndGlobalSection
	GlobalSection(SolutionProperties) = preSolution
		HideSolutionNode = FALSE
	EndGlobalSection
	GlobalSection(NestedProjects) = preSolution
		{5B498720-BCB3-46EF-8054-E4CE767FFAD1} = {0CAD2C13-41CD-421D-A694-08A91E5F1073}
		{18706732-28EE-4DDB-AA69-0659C04CDE57} = {0CAD2C13-41CD-421D-A694-08A91E5F1073}
		{5A29B6EB-1A70-4465-BCB6-B9DB59B7A83E} = {5B498720-BCB3-46EF-8054-E4CE767FFAD1}
		{3FFE1ED9-9AA9-4292-8DD3-87E4C44F6CDF} = {8F6D4593-8D52-4E46-90B5-CA1C55091DF9}
		{3AABB617-AA2B-4FD3-A935-BB2F548B6EC7} = {0D68E8EB-C755-450D-94CD-FE18F02D3BD0}
		{C248DA4E-5FD1-4CFE-ADCF-71FF7D355E3F} = {0D68E8EB-C755-450D-94CD-FE18F02D3BD0}
		{824FCF18-0170-4104-A278-E5D1F47AA26B} = {0D68E8EB-C755-450D-94CD-FE18F02D3BD0}
		{CDC8FDD4-E544-44BC-8E1D-4BCD2373C2DA} = {A5C83C3A-8AB6-4E08-8E47-F217A34BFED4}
		{062228BD-D108-4DD6-8D2A-A4EB61E0693B} = {A5C83C3A-8AB6-4E08-8E47-F217A34BFED4}
		{BF36AEB6-09C2-4046-96EF-687C99BF9559} = {A5C83C3A-8AB6-4E08-8E47-F217A34BFED4}
		{1AEB857C-8973-475C-8E8C-5C1B55E59C5C} = {A5C83C3A-8AB6-4E08-8E47-F217A34BFED4}
		{C219AA1C-104C-4B28-AF2F-361E36644264} = {8323B318-FFAB-4ECA-A497-715F6D3E834A}
		{4540F36F-40C3-47C9-9DA7-D1658688DBF5} = {8323B318-FFAB-4ECA-A497-715F6D3E834A}
		{5DB1D79F-DA3D-45C1-999D-E6B434AE32AD} = {8323B318-FFAB-4ECA-A497-715F6D3E834A}
		{80721CC0-74F6-40D7-838E-7547124BBDF1} = {4D911C70-281C-4CDC-A3E6-F314B149A0FC}
		{BE8E2AF9-ED19-49E4-B3CF-6C188410590D} = {4D911C70-281C-4CDC-A3E6-F314B149A0FC}
		{D70A9ACF-08ED-4170-8F6F-FD24D489D112} = {4D911C70-281C-4CDC-A3E6-F314B149A0FC}
		{984C78B1-9546-494B-8935-990417BEA5F3} = {9FAF7044-3DF1-4B8E-B558-4D44301F9408}
		{FF6BB58B-2AF7-480C-9772-8E5B58C7B70D} = {9FAF7044-3DF1-4B8E-B558-4D44301F9408}
		{504C4A8A-8D2B-4987-A6F7-A6446DCD3E49} = {9FAF7044-3DF1-4B8E-B558-4D44301F9408}
		{3D64A8B0-64D6-468D-A987-536B1717DF36} = {53A00EF3-CB51-4E4D-8D88-D64C7E8BA26A}
		{27987054-C9E6-4C93-B810-630A8909B59E} = {53A00EF3-CB51-4E4D-8D88-D64C7E8BA26A}
		{C3496FAE-A564-4AF4-975A-410BA13F3230} = {AAD373F1-33DE-402E-A5DB-D3EDCF2669CB}
		{F42214E3-8221-49A7-B726-EFB92546C779} = {AAD373F1-33DE-402E-A5DB-D3EDCF2669CB}
		{11D3F120-F151-424D-A4FC-705F2CEFCABF} = {AAD373F1-33DE-402E-A5DB-D3EDCF2669CB}
		{17980E2A-CD08-4F80-A31F-E256DE4A72A1} = {AAD373F1-33DE-402E-A5DB-D3EDCF2669CB}
		{3E7DC35C-4402-4D7C-852C-607855F015CA} = {34A17962-DAF8-4134-B70D-1670CED7882E}
		{8C955AD1-71DA-4E7F-A252-F5922F48FB16} = {34A17962-DAF8-4134-B70D-1670CED7882E}
		{0FA33776-DB6B-4AD8-9AC3-746D66D7580D} = {34A17962-DAF8-4134-B70D-1670CED7882E}
		{34981361-A46D-40AD-9B66-93AB7BA50D83} = {34A17962-DAF8-4134-B70D-1670CED7882E}
		{5866FE02-B67F-4E33-9E9C-766C4376D1B9} = {34A17962-DAF8-4134-B70D-1670CED7882E}
		{30170AE8-A30C-4415-A7A2-C14FA57F5D4A} = {34A17962-DAF8-4134-B70D-1670CED7882E}
		{354A5E25-EFAF-421E-9D68-C4729B926549} = {34A17962-DAF8-4134-B70D-1670CED7882E}
		{69E9D982-74D9-4733-9A27-10389FDB65BB} = {34A17962-DAF8-4134-B70D-1670CED7882E}
		{8FF0CC8A-A719-4E03-B530-D1FEC420284D} = {34A17962-DAF8-4134-B70D-1670CED7882E}
		{9CDEDA5C-08FE-433D-AD50-C96EB568C09D} = {34A17962-DAF8-4134-B70D-1670CED7882E}
		{5D47FE6E-F336-444C-A911-EAAFE47BF6A3} = {34A17962-DAF8-4134-B70D-1670CED7882E}
		{A4A22AC9-401C-4E47-B69E-2D1994282915} = {34A17962-DAF8-4134-B70D-1670CED7882E}
		{DB91FAC2-3B05-4687-AF72-42BC4DF9CC11} = {3FFE1ED9-9AA9-4292-8DD3-87E4C44F6CDF}
		{A427ABC5-F310-4362-B9A3-7A9D1D2DCF12} = {3FFE1ED9-9AA9-4292-8DD3-87E4C44F6CDF}
		{B53C3F86-1FF6-48C6-86FB-8B640251AF3E} = {3FFE1ED9-9AA9-4292-8DD3-87E4C44F6CDF}
		{B5CCE166-3D60-46D5-ACE1-C8E40A0455EB} = {3FFE1ED9-9AA9-4292-8DD3-87E4C44F6CDF}
		{74F8E141-258A-4E01-ACA5-722CAC0CE891} = {3FFE1ED9-9AA9-4292-8DD3-87E4C44F6CDF}
		{5E4F4B8E-BBC9-4E27-B30D-7F1574EB0598} = {18706732-28EE-4DDB-AA69-0659C04CDE57}
	EndGlobalSection
	GlobalSection(TestCaseManagementSettings) = postSolution
		CategoryFile = AMI_V4.vsmdi
	EndGlobalSection
EndGlobal
